// !$*UTF8*$!
{
	archiveVersion = 1;
	classes = {
	};
	objectVersion = 46;
	objects = {

/* Begin PBXBuildFile section */
		D5205CF91CEF8D4F00FDF88F /* nutrt-allocators.hpp in Headers */ = {isa = PBXBuildFile; fileRef = D5205CF81CEF8D4F00FDF88F /* nutrt-allocators.hpp */; };
		D5205CFA1CEF8D4F00FDF88F /* nutrt-allocators.hpp in Headers */ = {isa = PBXBuildFile; fileRef = D5205CF81CEF8D4F00FDF88F /* nutrt-allocators.hpp */; };
		D521DD1E1C35C48A00944D77 /* CoreFoundation.framework in Frameworks */ = {isa = PBXBuildFile; fileRef = D521DD1D1C35C48A00944D77 /* CoreFoundation.framework */; };
		D521DD1F1C35C4A600944D77 /* CoreFoundation.framework in Frameworks */ = {isa = PBXBuildFile; fileRef = D521DD1D1C35C48A00944D77 /* CoreFoundation.framework */; };
		D521DD201C35C4CD00944D77 /* CoreFoundation.framework in Frameworks */ = {isa = PBXBuildFile; fileRef = D521DD1D1C35C48A00944D77 /* CoreFoundation.framework */; };
		D521DD211C35C4D700944D77 /* CoreFoundation.framework in Frameworks */ = {isa = PBXBuildFile; fileRef = D521DD1D1C35C48A00944D77 /* CoreFoundation.framework */; };
		D528D4371BC492FE00D8087D /* libicudata.a in Frameworks */ = {isa = PBXBuildFile; fileRef = D528D42F1BC492FE00D8087D /* libicudata.a */; };
		D528D4381BC492FE00D8087D /* libicui18n.a in Frameworks */ = {isa = PBXBuildFile; fileRef = D528D4301BC492FE00D8087D /* libicui18n.a */; };
		D528D4391BC492FE00D8087D /* libicuio.a in Frameworks */ = {isa = PBXBuildFile; fileRef = D528D4311BC492FE00D8087D /* libicuio.a */; };
		D528D43A1BC492FE00D8087D /* libicule.a in Frameworks */ = {isa = PBXBuildFile; fileRef = D528D4321BC492FE00D8087D /* libicule.a */; };
		D528D43B1BC492FE00D8087D /* libiculx.a in Frameworks */ = {isa = PBXBuildFile; fileRef = D528D4331BC492FE00D8087D /* libiculx.a */; };
		D528D43D1BC492FE00D8087D /* libicutu.a in Frameworks */ = {isa = PBXBuildFile; fileRef = D528D4351BC492FE00D8087D /* libicutu.a */; };
		D528D43E1BC492FE00D8087D /* libicuuc.a in Frameworks */ = {isa = PBXBuildFile; fileRef = D528D4361BC492FE00D8087D /* libicuuc.a */; };
		D528D4401BC4930700D8087D /* liburiparser.a in Frameworks */ = {isa = PBXBuildFile; fileRef = D528D43F1BC4930700D8087D /* liburiparser.a */; };
		D528D4411BC4931400D8087D /* liburiparser.a in Frameworks */ = {isa = PBXBuildFile; fileRef = D528D43F1BC4930700D8087D /* liburiparser.a */; };
		D528D4421BC4931E00D8087D /* libicudata.a in Frameworks */ = {isa = PBXBuildFile; fileRef = D528D42F1BC492FE00D8087D /* libicudata.a */; };
		D528D4431BC4931E00D8087D /* libicui18n.a in Frameworks */ = {isa = PBXBuildFile; fileRef = D528D4301BC492FE00D8087D /* libicui18n.a */; };
		D528D4441BC4931E00D8087D /* libicuio.a in Frameworks */ = {isa = PBXBuildFile; fileRef = D528D4311BC492FE00D8087D /* libicuio.a */; };
		D528D4451BC4931E00D8087D /* libicule.a in Frameworks */ = {isa = PBXBuildFile; fileRef = D528D4321BC492FE00D8087D /* libicule.a */; };
		D528D4461BC4931E00D8087D /* libiculx.a in Frameworks */ = {isa = PBXBuildFile; fileRef = D528D4331BC492FE00D8087D /* libiculx.a */; };
		D528D4481BC4931E00D8087D /* libicutu.a in Frameworks */ = {isa = PBXBuildFile; fileRef = D528D4351BC492FE00D8087D /* libicutu.a */; };
		D528D4491BC4931E00D8087D /* libicuuc.a in Frameworks */ = {isa = PBXBuildFile; fileRef = D528D4361BC492FE00D8087D /* libicuuc.a */; };
		D56A56A01BC4BC520056B40C /* Number.cpp in Sources */ = {isa = PBXBuildFile; fileRef = D5DDFB6E1BC49F7F00E5328A /* Number.cpp */; };
		D56A56A21BC4BC520056B40C /* coconut_dylib.cpp in Sources */ = {isa = PBXBuildFile; fileRef = D5DDFBAA1BC49FFD00E5328A /* coconut_dylib.cpp */; };
		D56A56A41BC4BC520056B40C /* Range.cpp in Sources */ = {isa = PBXBuildFile; fileRef = D5DDFB731BC49F7F00E5328A /* Range.cpp */; };
		D56A56A51BC4BC520056B40C /* Queue.cpp in Sources */ = {isa = PBXBuildFile; fileRef = D5DDFB721BC49F7F00E5328A /* Queue.cpp */; };
		D56A56A81BC4BC520056B40C /* MutableString.cpp in Sources */ = {isa = PBXBuildFile; fileRef = D5DDFB6C1BC49F7F00E5328A /* MutableString.cpp */; };
		D56A56A91BC4BC520056B40C /* None.cpp in Sources */ = {isa = PBXBuildFile; fileRef = D5DDFB6D1BC49F7F00E5328A /* None.cpp */; };
		D56A56AA1BC4BC520056B40C /* URL.cpp in Sources */ = {isa = PBXBuildFile; fileRef = D5DDFB781BC49F7F00E5328A /* URL.cpp */; };
		D56A56AC1BC4BC520056B40C /* IndexPath.cpp in Sources */ = {isa = PBXBuildFile; fileRef = D5DDFB671BC49F7F00E5328A /* IndexPath.cpp */; };
		D56A56AE1BC4BC520056B40C /* Array.cpp in Sources */ = {isa = PBXBuildFile; fileRef = D5DDFB621BC49F7F00E5328A /* Array.cpp */; };
		D56A56B11BC4BC520056B40C /* Data.cpp in Sources */ = {isa = PBXBuildFile; fileRef = D5DDFB631BC49F7F00E5328A /* Data.cpp */; };
		D56A56B21BC4BC520056B40C /* OrderedSet.cpp in Sources */ = {isa = PBXBuildFile; fileRef = D5DDFB6F1BC49F7F00E5328A /* OrderedSet.cpp */; };
		D56A56B31BC4BC520056B40C /* Object.cpp in Sources */ = {isa = PBXBuildFile; fileRef = D528D3C41BC4929C00D8087D /* Object.cpp */; };
		D56A56B41BC4BC520056B40C /* Path.cpp in Sources */ = {isa = PBXBuildFile; fileRef = D5DDFB701BC49F7F00E5328A /* Path.cpp */; };
		D56A56B61BC4BC520056B40C /* Date.cpp in Sources */ = {isa = PBXBuildFile; fileRef = D5DDFB641BC49F7F00E5328A /* Date.cpp */; };
		D56A56B71BC4BC520056B40C /* Set.cpp in Sources */ = {isa = PBXBuildFile; fileRef = D5DDFB741BC49F7F00E5328A /* Set.cpp */; };
		D56A56B91BC4BC520056B40C /* SortDescriptor.cpp in Sources */ = {isa = PBXBuildFile; fileRef = D5DDFB751BC49F7F00E5328A /* SortDescriptor.cpp */; };
		D56A56BA1BC4BC520056B40C /* Dictionary.cpp in Sources */ = {isa = PBXBuildFile; fileRef = D5DDFB651BC49F7F00E5328A /* Dictionary.cpp */; };
		D56A56BC1BC4BC520056B40C /* MutableRange.cpp in Sources */ = {isa = PBXBuildFile; fileRef = D5DDFB6B1BC49F7F00E5328A /* MutableRange.cpp */; };
		D56A56C01BC4BC520056B40C /* Empty.cpp in Sources */ = {isa = PBXBuildFile; fileRef = D5DDFB661BC49F7F00E5328A /* Empty.cpp */; };
		D56A56C11BC4BC520056B40C /* MutableData.cpp in Sources */ = {isa = PBXBuildFile; fileRef = D5DDFB691BC49F7F00E5328A /* MutableData.cpp */; };
		D56A56C31BC4BC520056B40C /* String.cpp in Sources */ = {isa = PBXBuildFile; fileRef = D5DDFB771BC49F7F00E5328A /* String.cpp */; };
		D56A56C41BC4BC520056B40C /* Proxy.cpp in Sources */ = {isa = PBXBuildFile; fileRef = D5DDFB711BC49F7F00E5328A /* Proxy.cpp */; };
		D56A56C51BC4BC520056B40C /* MutableArray.cpp in Sources */ = {isa = PBXBuildFile; fileRef = D5DDFB681BC49F7F00E5328A /* MutableArray.cpp */; };
		D56A56C61BC4BC520056B40C /* Stack.cpp in Sources */ = {isa = PBXBuildFile; fileRef = D5DDFB761BC49F7F00E5328A /* Stack.cpp */; };
		D56A56C71BC4BC520056B40C /* MutableDictionary.cpp in Sources */ = {isa = PBXBuildFile; fileRef = D5DDFB6A1BC49F7F00E5328A /* MutableDictionary.cpp */; };
		D56A57271BC4BC630056B40C /* Number.cpp in Sources */ = {isa = PBXBuildFile; fileRef = D5DDFB6E1BC49F7F00E5328A /* Number.cpp */; };
		D56A572A1BC4BC630056B40C /* Range.cpp in Sources */ = {isa = PBXBuildFile; fileRef = D5DDFB731BC49F7F00E5328A /* Range.cpp */; };
		D56A572B1BC4BC630056B40C /* Queue.cpp in Sources */ = {isa = PBXBuildFile; fileRef = D5DDFB721BC49F7F00E5328A /* Queue.cpp */; };
		D56A572E1BC4BC630056B40C /* MutableString.cpp in Sources */ = {isa = PBXBuildFile; fileRef = D5DDFB6C1BC49F7F00E5328A /* MutableString.cpp */; };
		D56A572F1BC4BC630056B40C /* None.cpp in Sources */ = {isa = PBXBuildFile; fileRef = D5DDFB6D1BC49F7F00E5328A /* None.cpp */; };
		D56A57301BC4BC630056B40C /* URL.cpp in Sources */ = {isa = PBXBuildFile; fileRef = D5DDFB781BC49F7F00E5328A /* URL.cpp */; };
		D56A57321BC4BC630056B40C /* IndexPath.cpp in Sources */ = {isa = PBXBuildFile; fileRef = D5DDFB671BC49F7F00E5328A /* IndexPath.cpp */; };
		D56A57341BC4BC630056B40C /* Array.cpp in Sources */ = {isa = PBXBuildFile; fileRef = D5DDFB621BC49F7F00E5328A /* Array.cpp */; };
		D56A57371BC4BC630056B40C /* Data.cpp in Sources */ = {isa = PBXBuildFile; fileRef = D5DDFB631BC49F7F00E5328A /* Data.cpp */; };
		D56A57381BC4BC630056B40C /* OrderedSet.cpp in Sources */ = {isa = PBXBuildFile; fileRef = D5DDFB6F1BC49F7F00E5328A /* OrderedSet.cpp */; };
		D56A57391BC4BC630056B40C /* Object.cpp in Sources */ = {isa = PBXBuildFile; fileRef = D528D3C41BC4929C00D8087D /* Object.cpp */; };
		D56A573A1BC4BC630056B40C /* Path.cpp in Sources */ = {isa = PBXBuildFile; fileRef = D5DDFB701BC49F7F00E5328A /* Path.cpp */; };
		D56A573C1BC4BC630056B40C /* Date.cpp in Sources */ = {isa = PBXBuildFile; fileRef = D5DDFB641BC49F7F00E5328A /* Date.cpp */; };
		D56A573D1BC4BC630056B40C /* Set.cpp in Sources */ = {isa = PBXBuildFile; fileRef = D5DDFB741BC49F7F00E5328A /* Set.cpp */; };
		D56A573F1BC4BC630056B40C /* SortDescriptor.cpp in Sources */ = {isa = PBXBuildFile; fileRef = D5DDFB751BC49F7F00E5328A /* SortDescriptor.cpp */; };
		D56A57401BC4BC630056B40C /* Dictionary.cpp in Sources */ = {isa = PBXBuildFile; fileRef = D5DDFB651BC49F7F00E5328A /* Dictionary.cpp */; };
		D56A57421BC4BC630056B40C /* MutableRange.cpp in Sources */ = {isa = PBXBuildFile; fileRef = D5DDFB6B1BC49F7F00E5328A /* MutableRange.cpp */; };
		D56A57461BC4BC630056B40C /* Empty.cpp in Sources */ = {isa = PBXBuildFile; fileRef = D5DDFB661BC49F7F00E5328A /* Empty.cpp */; };
		D56A57471BC4BC630056B40C /* MutableData.cpp in Sources */ = {isa = PBXBuildFile; fileRef = D5DDFB691BC49F7F00E5328A /* MutableData.cpp */; };
		D56A57491BC4BC630056B40C /* String.cpp in Sources */ = {isa = PBXBuildFile; fileRef = D5DDFB771BC49F7F00E5328A /* String.cpp */; };
		D56A574A1BC4BC630056B40C /* Proxy.cpp in Sources */ = {isa = PBXBuildFile; fileRef = D5DDFB711BC49F7F00E5328A /* Proxy.cpp */; };
		D56A574B1BC4BC630056B40C /* MutableArray.cpp in Sources */ = {isa = PBXBuildFile; fileRef = D5DDFB681BC49F7F00E5328A /* MutableArray.cpp */; };
		D56A574C1BC4BC630056B40C /* Stack.cpp in Sources */ = {isa = PBXBuildFile; fileRef = D5DDFB761BC49F7F00E5328A /* Stack.cpp */; };
		D56A574D1BC4BC630056B40C /* coconut_static.cpp in Sources */ = {isa = PBXBuildFile; fileRef = D5DDFBAB1BC49FFD00E5328A /* coconut_static.cpp */; };
		D56A574E1BC4BC630056B40C /* MutableDictionary.cpp in Sources */ = {isa = PBXBuildFile; fileRef = D5DDFB6A1BC49F7F00E5328A /* MutableDictionary.cpp */; };
		D56A57AC1BC4BCCC0056B40C /* libruntime_static.a in Frameworks */ = {isa = PBXBuildFile; fileRef = D52B86C11A8ECA200086CB97 /* libruntime_static.a */; };
		D56A57AD1BC4BCDD0056B40C /* libruntime_static.a in Frameworks */ = {isa = PBXBuildFile; fileRef = D52B86C11A8ECA200086CB97 /* libruntime_static.a */; };
		D56A57AE1BC4BD1B0056B40C /* libfoundation_static.a in Frameworks */ = {isa = PBXBuildFile; fileRef = D56A57AB1BC4BC630056B40C /* libfoundation_static.a */; };
		D56C6AB81CE512EC0010BC85 /* nutrt-unicode_wide.hxx in Headers */ = {isa = PBXBuildFile; fileRef = D56C6AB71CE512EC0010BC85 /* nutrt-unicode_wide.hxx */; };
		D56C6AB91CE512EC0010BC85 /* nutrt-unicode_wide.hxx in Headers */ = {isa = PBXBuildFile; fileRef = D56C6AB71CE512EC0010BC85 /* nutrt-unicode_wide.hxx */; };
		D59B558C1C25DA7600739192 /* Slice.cpp in Sources */ = {isa = PBXBuildFile; fileRef = D59B558B1C25DA7600739192 /* Slice.cpp */; };
		D59B558D1C25DA7600739192 /* Slice.cpp in Sources */ = {isa = PBXBuildFile; fileRef = D59B558B1C25DA7600739192 /* Slice.cpp */; };
		D5B920011C1F721700829B3A /* Error.cpp in Sources */ = {isa = PBXBuildFile; fileRef = D5B920001C1F721700829B3A /* Error.cpp */; };
		D5B920021C1F721700829B3A /* Error.cpp in Sources */ = {isa = PBXBuildFile; fileRef = D5B920001C1F721700829B3A /* Error.cpp */; };
		D5B920031C1F721700829B3A /* Error.cpp in Sources */ = {isa = PBXBuildFile; fileRef = D5B920001C1F721700829B3A /* Error.cpp */; };
		D5CF01811CAF468700C383CD /* Deque.cpp in Sources */ = {isa = PBXBuildFile; fileRef = D5CF01801CAF468700C383CD /* Deque.cpp */; };
		D5CF01831CAF469C00C383CD /* Deque.cpp in Sources */ = {isa = PBXBuildFile; fileRef = D5CF01801CAF468700C383CD /* Deque.cpp */; };
		D5DDFBAD1BC49FFD00E5328A /* coconut_dylib.cpp in Sources */ = {isa = PBXBuildFile; fileRef = D5DDFBAA1BC49FFD00E5328A /* coconut_dylib.cpp */; };
		D5DDFBB01BC49FFD00E5328A /* coconut_static.cpp in Sources */ = {isa = PBXBuildFile; fileRef = D5DDFBAB1BC49FFD00E5328A /* coconut_static.cpp */; };
		D5DDFC461BC4A14A00E5328A /* coconut_test.cpp in Sources */ = {isa = PBXBuildFile; fileRef = D5DDFBAC1BC49FFD00E5328A /* coconut_test.cpp */; };
		D5F5AB601BC9C9CC00902D69 /* Serialization.cpp in Sources */ = {isa = PBXBuildFile; fileRef = D5F5AB5F1BC9C9CC00902D69 /* Serialization.cpp */; };
		D5F5AB611BC9C9CC00902D69 /* Serialization.cpp in Sources */ = {isa = PBXBuildFile; fileRef = D5F5AB5F1BC9C9CC00902D69 /* Serialization.cpp */; };
		D5FC0E8E1CD6C73C00F2E75B /* nutrt-datetime_epoch.hxx in Headers */ = {isa = PBXBuildFile; fileRef = D5FC0E671CD6C73C00F2E75B /* nutrt-datetime_epoch.hxx */; };
		D5FC0E8F1CD6C73C00F2E75B /* nutrt-datetime_epoch.hxx in Headers */ = {isa = PBXBuildFile; fileRef = D5FC0E671CD6C73C00F2E75B /* nutrt-datetime_epoch.hxx */; };
		D5FC0E901CD6C73C00F2E75B /* nutrt-datetime_format.hxx in Headers */ = {isa = PBXBuildFile; fileRef = D5FC0E681CD6C73C00F2E75B /* nutrt-datetime_format.hxx */; };
		D5FC0E911CD6C73C00F2E75B /* nutrt-datetime_format.hxx in Headers */ = {isa = PBXBuildFile; fileRef = D5FC0E681CD6C73C00F2E75B /* nutrt-datetime_format.hxx */; };
		D5FC0E921CD6C73C00F2E75B /* nutrt-filesystem_info.hxx in Headers */ = {isa = PBXBuildFile; fileRef = D5FC0E691CD6C73C00F2E75B /* nutrt-filesystem_info.hxx */; };
		D5FC0E931CD6C73C00F2E75B /* nutrt-filesystem_info.hxx in Headers */ = {isa = PBXBuildFile; fileRef = D5FC0E691CD6C73C00F2E75B /* nutrt-filesystem_info.hxx */; };
		D5FC0E941CD6C73C00F2E75B /* nutrt-hash_sha1_func.hxx in Headers */ = {isa = PBXBuildFile; fileRef = D5FC0E6A1CD6C73C00F2E75B /* nutrt-hash_sha1_func.hxx */; };
		D5FC0E951CD6C73C00F2E75B /* nutrt-hash_sha1_func.hxx in Headers */ = {isa = PBXBuildFile; fileRef = D5FC0E6A1CD6C73C00F2E75B /* nutrt-hash_sha1_func.hxx */; };
		D5FC0E961CD6C73C00F2E75B /* nutrt-hash_sha256_func.hxx in Headers */ = {isa = PBXBuildFile; fileRef = D5FC0E6B1CD6C73C00F2E75B /* nutrt-hash_sha256_func.hxx */; };
		D5FC0E971CD6C73C00F2E75B /* nutrt-hash_sha256_func.hxx in Headers */ = {isa = PBXBuildFile; fileRef = D5FC0E6B1CD6C73C00F2E75B /* nutrt-hash_sha256_func.hxx */; };
		D5FC0E981CD6C73C00F2E75B /* nutrt-hash_sha_base.hxx in Headers */ = {isa = PBXBuildFile; fileRef = D5FC0E6C1CD6C73C00F2E75B /* nutrt-hash_sha_base.hxx */; };
		D5FC0E991CD6C73C00F2E75B /* nutrt-hash_sha_base.hxx in Headers */ = {isa = PBXBuildFile; fileRef = D5FC0E6C1CD6C73C00F2E75B /* nutrt-hash_sha_base.hxx */; };
		D5FC0E9A1CD6C73C00F2E75B /* nutrt-locale_system.hxx in Headers */ = {isa = PBXBuildFile; fileRef = D5FC0E6D1CD6C73C00F2E75B /* nutrt-locale_system.hxx */; };
		D5FC0E9B1CD6C73C00F2E75B /* nutrt-locale_system.hxx in Headers */ = {isa = PBXBuildFile; fileRef = D5FC0E6D1CD6C73C00F2E75B /* nutrt-locale_system.hxx */; };
		D5FC0E9C1CD6C73C00F2E75B /* nutrt-serialization_xmlplist.hxx in Headers */ = {isa = PBXBuildFile; fileRef = D5FC0E6E1CD6C73C00F2E75B /* nutrt-serialization_xmlplist.hxx */; };
		D5FC0E9D1CD6C73C00F2E75B /* nutrt-serialization_xmlplist.hxx in Headers */ = {isa = PBXBuildFile; fileRef = D5FC0E6E1CD6C73C00F2E75B /* nutrt-serialization_xmlplist.hxx */; };
		D5FC0E9E1CD6C73C00F2E75B /* nutrt-stream_convpath.hxx in Headers */ = {isa = PBXBuildFile; fileRef = D5FC0E6F1CD6C73C00F2E75B /* nutrt-stream_convpath.hxx */; };
		D5FC0E9F1CD6C73C00F2E75B /* nutrt-stream_convpath.hxx in Headers */ = {isa = PBXBuildFile; fileRef = D5FC0E6F1CD6C73C00F2E75B /* nutrt-stream_convpath.hxx */; };
		D5FC0EA01CD6C73C00F2E75B /* nutrt-terminal_utf8.hxx in Headers */ = {isa = PBXBuildFile; fileRef = D5FC0E701CD6C73C00F2E75B /* nutrt-terminal_utf8.hxx */; };
		D5FC0EA11CD6C73C00F2E75B /* nutrt-terminal_utf8.hxx in Headers */ = {isa = PBXBuildFile; fileRef = D5FC0E701CD6C73C00F2E75B /* nutrt-terminal_utf8.hxx */; };
		D5FC0EA21CD6C73C00F2E75B /* nutrt-upath_absolute.hxx in Headers */ = {isa = PBXBuildFile; fileRef = D5FC0E711CD6C73C00F2E75B /* nutrt-upath_absolute.hxx */; };
		D5FC0EA31CD6C73C00F2E75B /* nutrt-upath_absolute.hxx in Headers */ = {isa = PBXBuildFile; fileRef = D5FC0E711CD6C73C00F2E75B /* nutrt-upath_absolute.hxx */; };
		D5FC0EA41CD6C73C00F2E75B /* nutrt-upath_detection.hxx in Headers */ = {isa = PBXBuildFile; fileRef = D5FC0E721CD6C73C00F2E75B /* nutrt-upath_detection.hxx */; };
		D5FC0EA51CD6C73C00F2E75B /* nutrt-upath_detection.hxx in Headers */ = {isa = PBXBuildFile; fileRef = D5FC0E721CD6C73C00F2E75B /* nutrt-upath_detection.hxx */; };
		D5FC0EA61CD6C73C00F2E75B /* nutrt-uri_escaping.hxx in Headers */ = {isa = PBXBuildFile; fileRef = D5FC0E731CD6C73C00F2E75B /* nutrt-uri_escaping.hxx */; };
		D5FC0EA71CD6C73C00F2E75B /* nutrt-uri_escaping.hxx in Headers */ = {isa = PBXBuildFile; fileRef = D5FC0E731CD6C73C00F2E75B /* nutrt-uri_escaping.hxx */; };
		D5FC0EA81CD6C73C00F2E75B /* nutrt-uri_joining.hxx in Headers */ = {isa = PBXBuildFile; fileRef = D5FC0E741CD6C73C00F2E75B /* nutrt-uri_joining.hxx */; };
		D5FC0EA91CD6C73C00F2E75B /* nutrt-uri_joining.hxx in Headers */ = {isa = PBXBuildFile; fileRef = D5FC0E741CD6C73C00F2E75B /* nutrt-uri_joining.hxx */; };
		D5FC0EAA1CD6C73C00F2E75B /* nutrt-uri_parsing.hxx in Headers */ = {isa = PBXBuildFile; fileRef = D5FC0E751CD6C73C00F2E75B /* nutrt-uri_parsing.hxx */; };
		D5FC0EAB1CD6C73C00F2E75B /* nutrt-uri_parsing.hxx in Headers */ = {isa = PBXBuildFile; fileRef = D5FC0E751CD6C73C00F2E75B /* nutrt-uri_parsing.hxx */; };
		D5FC0EAC1CD6C73C00F2E75B /* nutrt-ustring_compare_utf16.hxx in Headers */ = {isa = PBXBuildFile; fileRef = D5FC0E761CD6C73C00F2E75B /* nutrt-ustring_compare_utf16.hxx */; };
		D5FC0EAD1CD6C73C00F2E75B /* nutrt-ustring_compare_utf16.hxx in Headers */ = {isa = PBXBuildFile; fileRef = D5FC0E761CD6C73C00F2E75B /* nutrt-ustring_compare_utf16.hxx */; };
		D5FC0EAE1CD6C73C00F2E75B /* nutrt-ustring_compare_utf8.hxx in Headers */ = {isa = PBXBuildFile; fileRef = D5FC0E771CD6C73C00F2E75B /* nutrt-ustring_compare_utf8.hxx */; };
		D5FC0EAF1CD6C73C00F2E75B /* nutrt-ustring_compare_utf8.hxx in Headers */ = {isa = PBXBuildFile; fileRef = D5FC0E771CD6C73C00F2E75B /* nutrt-ustring_compare_utf8.hxx */; };
		D5FC0EB01CD6C73C00F2E75B /* nutrt-ustring_encoding.hxx in Headers */ = {isa = PBXBuildFile; fileRef = D5FC0E781CD6C73C00F2E75B /* nutrt-ustring_encoding.hxx */; };
		D5FC0EB11CD6C73C00F2E75B /* nutrt-ustring_encoding.hxx in Headers */ = {isa = PBXBuildFile; fileRef = D5FC0E781CD6C73C00F2E75B /* nutrt-ustring_encoding.hxx */; };
		D5FC0EB21CD6C73C00F2E75B /* nutrt-ustring_parsing.hxx in Headers */ = {isa = PBXBuildFile; fileRef = D5FC0E791CD6C73C00F2E75B /* nutrt-ustring_parsing.hxx */; };
		D5FC0EB31CD6C73C00F2E75B /* nutrt-ustring_parsing.hxx in Headers */ = {isa = PBXBuildFile; fileRef = D5FC0E791CD6C73C00F2E75B /* nutrt-ustring_parsing.hxx */; };
		D5FC0EB41CD6C73C00F2E75B /* nutrt-ustring_searching.hxx in Headers */ = {isa = PBXBuildFile; fileRef = D5FC0E7A1CD6C73C00F2E75B /* nutrt-ustring_searching.hxx */; };
		D5FC0EB51CD6C73C00F2E75B /* nutrt-ustring_searching.hxx in Headers */ = {isa = PBXBuildFile; fileRef = D5FC0E7A1CD6C73C00F2E75B /* nutrt-ustring_searching.hxx */; };
		D5FC0EB61CD6C73C00F2E75B /* nutrt-hash_sha1.cpp in Sources */ = {isa = PBXBuildFile; fileRef = D5FC0E7C1CD6C73C00F2E75B /* nutrt-hash_sha1.cpp */; };
		D5FC0EB71CD6C73C00F2E75B /* nutrt-hash_sha1.cpp in Sources */ = {isa = PBXBuildFile; fileRef = D5FC0E7C1CD6C73C00F2E75B /* nutrt-hash_sha1.cpp */; };
		D5FC0EB81CD6C73C00F2E75B /* nutrt-hash_sha256.cpp in Sources */ = {isa = PBXBuildFile; fileRef = D5FC0E7D1CD6C73C00F2E75B /* nutrt-hash_sha256.cpp */; };
		D5FC0EB91CD6C73C00F2E75B /* nutrt-hash_sha256.cpp in Sources */ = {isa = PBXBuildFile; fileRef = D5FC0E7D1CD6C73C00F2E75B /* nutrt-hash_sha256.cpp */; };
		D5FC0EBA1CD6C73C00F2E75B /* nutrt-hash_sha_base.cpp in Sources */ = {isa = PBXBuildFile; fileRef = D5FC0E7E1CD6C73C00F2E75B /* nutrt-hash_sha_base.cpp */; };
		D5FC0EBB1CD6C73C00F2E75B /* nutrt-hash_sha_base.cpp in Sources */ = {isa = PBXBuildFile; fileRef = D5FC0E7E1CD6C73C00F2E75B /* nutrt-hash_sha_base.cpp */; };
		D5FC0EBC1CD6C73C00F2E75B /* nutrt-nucleus.cpp in Sources */ = {isa = PBXBuildFile; fileRef = D5FC0E7F1CD6C73C00F2E75B /* nutrt-nucleus.cpp */; };
		D5FC0EBD1CD6C73C00F2E75B /* nutrt-nucleus.cpp in Sources */ = {isa = PBXBuildFile; fileRef = D5FC0E7F1CD6C73C00F2E75B /* nutrt-nucleus.cpp */; };
		D5FC0EBE1CD6C73C00F2E75B /* nutrt-spinlock.cpp in Sources */ = {isa = PBXBuildFile; fileRef = D5FC0E801CD6C73C00F2E75B /* nutrt-spinlock.cpp */; };
		D5FC0EBF1CD6C73C00F2E75B /* nutrt-spinlock.cpp in Sources */ = {isa = PBXBuildFile; fileRef = D5FC0E801CD6C73C00F2E75B /* nutrt-spinlock.cpp */; };
		D5FC0EC01CD6C73C00F2E75B /* nutrt-stream.cpp in Sources */ = {isa = PBXBuildFile; fileRef = D5FC0E811CD6C73C00F2E75B /* nutrt-stream.cpp */; };
		D5FC0EC11CD6C73C00F2E75B /* nutrt-stream.cpp in Sources */ = {isa = PBXBuildFile; fileRef = D5FC0E811CD6C73C00F2E75B /* nutrt-stream.cpp */; };
		D5FC0EC21CD6C73C00F2E75B /* nutrt-zombie.cpp in Sources */ = {isa = PBXBuildFile; fileRef = D5FC0E821CD6C73C00F2E75B /* nutrt-zombie.cpp */; };
		D5FC0EC31CD6C73C00F2E75B /* nutrt-zombie.cpp in Sources */ = {isa = PBXBuildFile; fileRef = D5FC0E821CD6C73C00F2E75B /* nutrt-zombie.cpp */; };
		D5FC0EC41CD6C73C00F2E75B /* nutrt-bytebuf.cpp in Sources */ = {isa = PBXBuildFile; fileRef = D5FC0E841CD6C73C00F2E75B /* nutrt-bytebuf.cpp */; };
		D5FC0EC51CD6C73C00F2E75B /* nutrt-bytebuf.cpp in Sources */ = {isa = PBXBuildFile; fileRef = D5FC0E841CD6C73C00F2E75B /* nutrt-bytebuf.cpp */; };
		D5FC0EC61CD6C73C00F2E75B /* nutrt-datetime.cpp in Sources */ = {isa = PBXBuildFile; fileRef = D5FC0E851CD6C73C00F2E75B /* nutrt-datetime.cpp */; };
		D5FC0EC71CD6C73C00F2E75B /* nutrt-datetime.cpp in Sources */ = {isa = PBXBuildFile; fileRef = D5FC0E851CD6C73C00F2E75B /* nutrt-datetime.cpp */; };
		D5FC0EC81CD6C73C00F2E75B /* nutrt-indexpath.cpp in Sources */ = {isa = PBXBuildFile; fileRef = D5FC0E861CD6C73C00F2E75B /* nutrt-indexpath.cpp */; };
		D5FC0EC91CD6C73C00F2E75B /* nutrt-indexpath.cpp in Sources */ = {isa = PBXBuildFile; fileRef = D5FC0E861CD6C73C00F2E75B /* nutrt-indexpath.cpp */; };
		D5FC0ECA1CD6C73C00F2E75B /* nutrt-indexset.cpp in Sources */ = {isa = PBXBuildFile; fileRef = D5FC0E871CD6C73C00F2E75B /* nutrt-indexset.cpp */; };
		D5FC0ECB1CD6C73C00F2E75B /* nutrt-indexset.cpp in Sources */ = {isa = PBXBuildFile; fileRef = D5FC0E871CD6C73C00F2E75B /* nutrt-indexset.cpp */; };
		D5FC0ECC1CD6C73C00F2E75B /* nutrt-irange.cpp in Sources */ = {isa = PBXBuildFile; fileRef = D5FC0E881CD6C73C00F2E75B /* nutrt-irange.cpp */; };
		D5FC0ECD1CD6C73C00F2E75B /* nutrt-irange.cpp in Sources */ = {isa = PBXBuildFile; fileRef = D5FC0E881CD6C73C00F2E75B /* nutrt-irange.cpp */; };
		D5FC0ECE1CD6C73C00F2E75B /* nutrt-islice.cpp in Sources */ = {isa = PBXBuildFile; fileRef = D5FC0E891CD6C73C00F2E75B /* nutrt-islice.cpp */; };
		D5FC0ECF1CD6C73C00F2E75B /* nutrt-islice.cpp in Sources */ = {isa = PBXBuildFile; fileRef = D5FC0E891CD6C73C00F2E75B /* nutrt-islice.cpp */; };
		D5FC0ED01CD6C73C00F2E75B /* nutrt-numeric.cpp in Sources */ = {isa = PBXBuildFile; fileRef = D5FC0E8A1CD6C73C00F2E75B /* nutrt-numeric.cpp */; };
		D5FC0ED11CD6C73C00F2E75B /* nutrt-numeric.cpp in Sources */ = {isa = PBXBuildFile; fileRef = D5FC0E8A1CD6C73C00F2E75B /* nutrt-numeric.cpp */; };
		D5FC0ED21CD6C73C00F2E75B /* nutrt-upath.cpp in Sources */ = {isa = PBXBuildFile; fileRef = D5FC0E8B1CD6C73C00F2E75B /* nutrt-upath.cpp */; };
		D5FC0ED31CD6C73C00F2E75B /* nutrt-upath.cpp in Sources */ = {isa = PBXBuildFile; fileRef = D5FC0E8B1CD6C73C00F2E75B /* nutrt-upath.cpp */; };
		D5FC0ED41CD6C73C00F2E75B /* nutrt-uri.cpp in Sources */ = {isa = PBXBuildFile; fileRef = D5FC0E8C1CD6C73C00F2E75B /* nutrt-uri.cpp */; };
		D5FC0ED51CD6C73C00F2E75B /* nutrt-uri.cpp in Sources */ = {isa = PBXBuildFile; fileRef = D5FC0E8C1CD6C73C00F2E75B /* nutrt-uri.cpp */; };
		D5FC0ED61CD6C73C00F2E75B /* nutrt-ustring.cpp in Sources */ = {isa = PBXBuildFile; fileRef = D5FC0E8D1CD6C73C00F2E75B /* nutrt-ustring.cpp */; };
		D5FC0ED71CD6C73C00F2E75B /* nutrt-ustring.cpp in Sources */ = {isa = PBXBuildFile; fileRef = D5FC0E8D1CD6C73C00F2E75B /* nutrt-ustring.cpp */; };
/* End PBXBuildFile section */

/* Begin PBXCopyFilesBuildPhase section */
		D5DDFC3D1BC4A11700E5328A /* CopyFiles */ = {
			isa = PBXCopyFilesBuildPhase;
			buildActionMask = 2147483647;
			dstPath = /usr/share/man/man1/;
			dstSubfolderSpec = 0;
			files = (
			);
			runOnlyForDeploymentPostprocessing = 1;
		};
/* End PBXCopyFilesBuildPhase section */

/* Begin PBXFileReference section */
		D5205CF81CEF8D4F00FDF88F /* nutrt-allocators.hpp */ = {isa = PBXFileReference; fileEncoding = 4; lastKnownFileType = sourcecode.cpp.h; path = "nutrt-allocators.hpp"; sourceTree = "<group>"; };
		D5209D511C3B50A400D86E74 /* ReadMe.markdown */ = {isa = PBXFileReference; lastKnownFileType = net.daringfireball.markdown; name = ReadMe.markdown; path = ../ReadMe.markdown; sourceTree = "<group>"; };
		D521DD1D1C35C48A00944D77 /* CoreFoundation.framework */ = {isa = PBXFileReference; lastKnownFileType = wrapper.framework; name = CoreFoundation.framework; path = System/Library/Frameworks/CoreFoundation.framework; sourceTree = SDKROOT; };
		D523CA381C2A07B4007270F7 /* Features.hpp */ = {isa = PBXFileReference; fileEncoding = 4; lastKnownFileType = sourcecode.cpp.h; path = Features.hpp; sourceTree = "<group>"; };
		D528D2F31BC4928500D8087D /* ByteOrder.hpp */ = {isa = PBXFileReference; fileEncoding = 4; lastKnownFileType = sourcecode.cpp.h; path = ByteOrder.hpp; sourceTree = "<group>"; };
		D528D3061BC4928500D8087D /* Serialization.hpp */ = {isa = PBXFileReference; fileEncoding = 4; lastKnownFileType = sourcecode.cpp.h; path = Serialization.hpp; sourceTree = "<group>"; };
		D528D3071BC4928500D8087D /* Types.hpp */ = {isa = PBXFileReference; fileEncoding = 4; lastKnownFileType = sourcecode.cpp.h; path = Types.hpp; sourceTree = "<group>"; };
		D528D3C41BC4929C00D8087D /* Object.cpp */ = {isa = PBXFileReference; fileEncoding = 4; lastKnownFileType = sourcecode.cpp.cpp; path = Object.cpp; sourceTree = "<group>"; };
		D528D42F1BC492FE00D8087D /* libicudata.a */ = {isa = PBXFileReference; lastKnownFileType = archive.ar; name = libicudata.a; path = ../sdk/darwin_x86_64/libicudata.a; sourceTree = "<group>"; };
		D528D4301BC492FE00D8087D /* libicui18n.a */ = {isa = PBXFileReference; lastKnownFileType = archive.ar; name = libicui18n.a; path = ../sdk/darwin_x86_64/libicui18n.a; sourceTree = "<group>"; };
		D528D4311BC492FE00D8087D /* libicuio.a */ = {isa = PBXFileReference; lastKnownFileType = archive.ar; name = libicuio.a; path = ../sdk/darwin_x86_64/libicuio.a; sourceTree = "<group>"; };
		D528D4321BC492FE00D8087D /* libicule.a */ = {isa = PBXFileReference; lastKnownFileType = archive.ar; name = libicule.a; path = ../sdk/darwin_x86_64/libicule.a; sourceTree = "<group>"; };
		D528D4331BC492FE00D8087D /* libiculx.a */ = {isa = PBXFileReference; lastKnownFileType = archive.ar; name = libiculx.a; path = ../sdk/darwin_x86_64/libiculx.a; sourceTree = "<group>"; };
		D528D4351BC492FE00D8087D /* libicutu.a */ = {isa = PBXFileReference; lastKnownFileType = archive.ar; name = libicutu.a; path = ../sdk/darwin_x86_64/libicutu.a; sourceTree = "<group>"; };
		D528D4361BC492FE00D8087D /* libicuuc.a */ = {isa = PBXFileReference; lastKnownFileType = archive.ar; name = libicuuc.a; path = ../sdk/darwin_x86_64/libicuuc.a; sourceTree = "<group>"; };
		D528D43F1BC4930700D8087D /* liburiparser.a */ = {isa = PBXFileReference; lastKnownFileType = archive.ar; name = liburiparser.a; path = ../sdk/darwin_x86_64/liburiparser.a; sourceTree = "<group>"; };
		D52B86C11A8ECA200086CB97 /* libruntime_static.a */ = {isa = PBXFileReference; explicitFileType = archive.ar; includeInIndex = 0; path = libruntime_static.a; sourceTree = BUILT_PRODUCTS_DIR; };
		D54322131BCC413900839B4B /* Object.hpp */ = {isa = PBXFileReference; fileEncoding = 4; lastKnownFileType = sourcecode.cpp.h; path = Object.hpp; sourceTree = "<group>"; };
		D54EBAED1C9DE46500B7256F /* JobBroker.hpp */ = {isa = PBXFileReference; lastKnownFileType = sourcecode.cpp.h; path = JobBroker.hpp; sourceTree = "<group>"; };
		D56A57241BC4BC520056B40C /* libfoundation_dylib.dylib */ = {isa = PBXFileReference; explicitFileType = "compiled.mach-o.dylib"; includeInIndex = 0; path = libfoundation_dylib.dylib; sourceTree = BUILT_PRODUCTS_DIR; };
		D56A57AB1BC4BC630056B40C /* libfoundation_static.a */ = {isa = PBXFileReference; explicitFileType = archive.ar; includeInIndex = 0; path = libfoundation_static.a; sourceTree = BUILT_PRODUCTS_DIR; };
		D56C6AB71CE512EC0010BC85 /* nutrt-unicode_wide.hxx */ = {isa = PBXFileReference; fileEncoding = 4; lastKnownFileType = sourcecode.cpp.h; path = "nutrt-unicode_wide.hxx"; sourceTree = "<group>"; };
		D59B55881C25DA5F00739192 /* Slice.hpp */ = {isa = PBXFileReference; fileEncoding = 4; lastKnownFileType = sourcecode.cpp.h; path = Slice.hpp; sourceTree = "<group>"; };
		D59B558B1C25DA7600739192 /* Slice.cpp */ = {isa = PBXFileReference; fileEncoding = 4; lastKnownFileType = sourcecode.cpp.cpp; path = Slice.cpp; sourceTree = "<group>"; };
		D5A0E4761BFFA5A2003E566D /* coconut_test_attrs.hpp */ = {isa = PBXFileReference; fileEncoding = 4; lastKnownFileType = sourcecode.cpp.h; path = coconut_test_attrs.hpp; sourceTree = "<group>"; };
		D5B245A11C8BBD82001F2376 /* Printifier.hpp */ = {isa = PBXFileReference; lastKnownFileType = sourcecode.cpp.h; path = Printifier.hpp; sourceTree = "<group>"; };
		D5B91FFD1C1F409C00829B3A /* Error.hpp */ = {isa = PBXFileReference; fileEncoding = 4; lastKnownFileType = sourcecode.cpp.h; path = Error.hpp; sourceTree = "<group>"; };
		D5B920001C1F721700829B3A /* Error.cpp */ = {isa = PBXFileReference; fileEncoding = 4; lastKnownFileType = sourcecode.cpp.cpp; path = Error.cpp; sourceTree = "<group>"; };
		D5CF017D1CAF3F0500C383CD /* Deque.hpp */ = {isa = PBXFileReference; lastKnownFileType = sourcecode.cpp.h; path = Deque.hpp; sourceTree = "<group>"; };
		D5CF01801CAF468700C383CD /* Deque.cpp */ = {isa = PBXFileReference; fileEncoding = 4; lastKnownFileType = sourcecode.cpp.cpp; path = Deque.cpp; sourceTree = "<group>"; };
		D5DDFB0A1BC49F4B00E5328A /* Array.hpp */ = {isa = PBXFileReference; fileEncoding = 4; lastKnownFileType = sourcecode.cpp.h; path = Array.hpp; sourceTree = "<group>"; };
		D5DDFB0B1BC49F4B00E5328A /* Data.hpp */ = {isa = PBXFileReference; fileEncoding = 4; lastKnownFileType = sourcecode.cpp.h; path = Data.hpp; sourceTree = "<group>"; };
		D5DDFB0C1BC49F4B00E5328A /* Date.hpp */ = {isa = PBXFileReference; fileEncoding = 4; lastKnownFileType = sourcecode.cpp.h; path = Date.hpp; sourceTree = "<group>"; };
		D5DDFB0D1BC49F4B00E5328A /* Dictionary.hpp */ = {isa = PBXFileReference; fileEncoding = 4; lastKnownFileType = sourcecode.cpp.h; path = Dictionary.hpp; sourceTree = "<group>"; };
		D5DDFB0E1BC49F4B00E5328A /* Dim.hpp */ = {isa = PBXFileReference; fileEncoding = 4; lastKnownFileType = sourcecode.cpp.h; path = Dim.hpp; sourceTree = "<group>"; };
		D5DDFB0F1BC49F4B00E5328A /* Empty.hpp */ = {isa = PBXFileReference; fileEncoding = 4; lastKnownFileType = sourcecode.cpp.h; path = Empty.hpp; sourceTree = "<group>"; };
		D5DDFB101BC49F4B00E5328A /* IndexPath.hpp */ = {isa = PBXFileReference; fileEncoding = 4; lastKnownFileType = sourcecode.cpp.h; path = IndexPath.hpp; sourceTree = "<group>"; };
		D5DDFB111BC49F4B00E5328A /* MutableArray.hpp */ = {isa = PBXFileReference; fileEncoding = 4; lastKnownFileType = sourcecode.cpp.h; path = MutableArray.hpp; sourceTree = "<group>"; };
		D5DDFB121BC49F4B00E5328A /* MutableData.hpp */ = {isa = PBXFileReference; fileEncoding = 4; lastKnownFileType = sourcecode.cpp.h; path = MutableData.hpp; sourceTree = "<group>"; };
		D5DDFB131BC49F4B00E5328A /* MutableDictionary.hpp */ = {isa = PBXFileReference; fileEncoding = 4; lastKnownFileType = sourcecode.cpp.h; path = MutableDictionary.hpp; sourceTree = "<group>"; };
		D5DDFB141BC49F4B00E5328A /* MutableOrderedSet.hpp */ = {isa = PBXFileReference; fileEncoding = 4; lastKnownFileType = sourcecode.cpp.h; path = MutableOrderedSet.hpp; sourceTree = "<group>"; };
		D5DDFB151BC49F4B00E5328A /* MutablePath.hpp */ = {isa = PBXFileReference; fileEncoding = 4; lastKnownFileType = sourcecode.cpp.h; path = MutablePath.hpp; sourceTree = "<group>"; };
		D5DDFB161BC49F4B00E5328A /* MutableRange.hpp */ = {isa = PBXFileReference; fileEncoding = 4; lastKnownFileType = sourcecode.cpp.h; path = MutableRange.hpp; sourceTree = "<group>"; };
		D5DDFB171BC49F4B00E5328A /* MutableString.hpp */ = {isa = PBXFileReference; fileEncoding = 4; lastKnownFileType = sourcecode.cpp.h; path = MutableString.hpp; sourceTree = "<group>"; };
		D5DDFB181BC49F4B00E5328A /* None.hpp */ = {isa = PBXFileReference; fileEncoding = 4; lastKnownFileType = sourcecode.cpp.h; path = None.hpp; sourceTree = "<group>"; };
		D5DDFB191BC49F4B00E5328A /* Number.hpp */ = {isa = PBXFileReference; fileEncoding = 4; lastKnownFileType = sourcecode.cpp.h; path = Number.hpp; sourceTree = "<group>"; };
		D5DDFB1A1BC49F4B00E5328A /* OrderedSet.hpp */ = {isa = PBXFileReference; fileEncoding = 4; lastKnownFileType = sourcecode.cpp.h; path = OrderedSet.hpp; sourceTree = "<group>"; };
		D5DDFB1B1BC49F4B00E5328A /* Path.hpp */ = {isa = PBXFileReference; fileEncoding = 4; lastKnownFileType = sourcecode.cpp.h; path = Path.hpp; sourceTree = "<group>"; };
		D5DDFB1C1BC49F4B00E5328A /* Point.hpp */ = {isa = PBXFileReference; fileEncoding = 4; lastKnownFileType = sourcecode.cpp.h; path = Point.hpp; sourceTree = "<group>"; };
		D5DDFB1D1BC49F4B00E5328A /* Proxy.hpp */ = {isa = PBXFileReference; fileEncoding = 4; lastKnownFileType = sourcecode.cpp.h; path = Proxy.hpp; sourceTree = "<group>"; };
		D5DDFB1E1BC49F4B00E5328A /* Queue.hpp */ = {isa = PBXFileReference; fileEncoding = 4; lastKnownFileType = sourcecode.cpp.h; path = Queue.hpp; sourceTree = "<group>"; };
		D5DDFB1F1BC49F4B00E5328A /* Range.hpp */ = {isa = PBXFileReference; fileEncoding = 4; lastKnownFileType = sourcecode.cpp.h; path = Range.hpp; sourceTree = "<group>"; };
		D5DDFB201BC49F4B00E5328A /* Rect.hpp */ = {isa = PBXFileReference; fileEncoding = 4; lastKnownFileType = sourcecode.cpp.h; path = Rect.hpp; sourceTree = "<group>"; };
		D5DDFB211BC49F4B00E5328A /* Set.hpp */ = {isa = PBXFileReference; fileEncoding = 4; lastKnownFileType = sourcecode.cpp.h; path = Set.hpp; sourceTree = "<group>"; };
		D5DDFB221BC49F4B00E5328A /* SortDescriptor.hpp */ = {isa = PBXFileReference; fileEncoding = 4; lastKnownFileType = sourcecode.cpp.h; path = SortDescriptor.hpp; sourceTree = "<group>"; };
		D5DDFB231BC49F4B00E5328A /* Stack.hpp */ = {isa = PBXFileReference; fileEncoding = 4; lastKnownFileType = sourcecode.cpp.h; path = Stack.hpp; sourceTree = "<group>"; };
		D5DDFB241BC49F4B00E5328A /* String.hpp */ = {isa = PBXFileReference; fileEncoding = 4; lastKnownFileType = sourcecode.cpp.h; path = String.hpp; sourceTree = "<group>"; };
		D5DDFB251BC49F4B00E5328A /* URL.hpp */ = {isa = PBXFileReference; fileEncoding = 4; lastKnownFileType = sourcecode.cpp.h; path = URL.hpp; sourceTree = "<group>"; };
		D5DDFB261BC49F4B00E5328A /* foundation.hpp */ = {isa = PBXFileReference; fileEncoding = 4; lastKnownFileType = sourcecode.cpp.h; path = foundation.hpp; sourceTree = "<group>"; };
		D5DDFB621BC49F7F00E5328A /* Array.cpp */ = {isa = PBXFileReference; fileEncoding = 4; lastKnownFileType = sourcecode.cpp.cpp; path = Array.cpp; sourceTree = "<group>"; };
		D5DDFB631BC49F7F00E5328A /* Data.cpp */ = {isa = PBXFileReference; fileEncoding = 4; lastKnownFileType = sourcecode.cpp.cpp; path = Data.cpp; sourceTree = "<group>"; };
		D5DDFB641BC49F7F00E5328A /* Date.cpp */ = {isa = PBXFileReference; fileEncoding = 4; lastKnownFileType = sourcecode.cpp.cpp; path = Date.cpp; sourceTree = "<group>"; };
		D5DDFB651BC49F7F00E5328A /* Dictionary.cpp */ = {isa = PBXFileReference; fileEncoding = 4; lastKnownFileType = sourcecode.cpp.cpp; path = Dictionary.cpp; sourceTree = "<group>"; };
		D5DDFB661BC49F7F00E5328A /* Empty.cpp */ = {isa = PBXFileReference; fileEncoding = 4; lastKnownFileType = sourcecode.cpp.cpp; path = Empty.cpp; sourceTree = "<group>"; };
		D5DDFB671BC49F7F00E5328A /* IndexPath.cpp */ = {isa = PBXFileReference; fileEncoding = 4; lastKnownFileType = sourcecode.cpp.cpp; path = IndexPath.cpp; sourceTree = "<group>"; };
		D5DDFB681BC49F7F00E5328A /* MutableArray.cpp */ = {isa = PBXFileReference; fileEncoding = 4; lastKnownFileType = sourcecode.cpp.cpp; path = MutableArray.cpp; sourceTree = "<group>"; };
		D5DDFB691BC49F7F00E5328A /* MutableData.cpp */ = {isa = PBXFileReference; fileEncoding = 4; lastKnownFileType = sourcecode.cpp.cpp; path = MutableData.cpp; sourceTree = "<group>"; };
		D5DDFB6A1BC49F7F00E5328A /* MutableDictionary.cpp */ = {isa = PBXFileReference; fileEncoding = 4; lastKnownFileType = sourcecode.cpp.cpp; path = MutableDictionary.cpp; sourceTree = "<group>"; };
		D5DDFB6B1BC49F7F00E5328A /* MutableRange.cpp */ = {isa = PBXFileReference; fileEncoding = 4; lastKnownFileType = sourcecode.cpp.cpp; path = MutableRange.cpp; sourceTree = "<group>"; };
		D5DDFB6C1BC49F7F00E5328A /* MutableString.cpp */ = {isa = PBXFileReference; fileEncoding = 4; lastKnownFileType = sourcecode.cpp.cpp; path = MutableString.cpp; sourceTree = "<group>"; };
		D5DDFB6D1BC49F7F00E5328A /* None.cpp */ = {isa = PBXFileReference; fileEncoding = 4; lastKnownFileType = sourcecode.cpp.cpp; path = None.cpp; sourceTree = "<group>"; };
		D5DDFB6E1BC49F7F00E5328A /* Number.cpp */ = {isa = PBXFileReference; fileEncoding = 4; lastKnownFileType = sourcecode.cpp.cpp; path = Number.cpp; sourceTree = "<group>"; };
		D5DDFB6F1BC49F7F00E5328A /* OrderedSet.cpp */ = {isa = PBXFileReference; fileEncoding = 4; lastKnownFileType = sourcecode.cpp.cpp; path = OrderedSet.cpp; sourceTree = "<group>"; };
		D5DDFB701BC49F7F00E5328A /* Path.cpp */ = {isa = PBXFileReference; fileEncoding = 4; lastKnownFileType = sourcecode.cpp.cpp; path = Path.cpp; sourceTree = "<group>"; };
		D5DDFB711BC49F7F00E5328A /* Proxy.cpp */ = {isa = PBXFileReference; fileEncoding = 4; lastKnownFileType = sourcecode.cpp.cpp; path = Proxy.cpp; sourceTree = "<group>"; };
		D5DDFB721BC49F7F00E5328A /* Queue.cpp */ = {isa = PBXFileReference; fileEncoding = 4; lastKnownFileType = sourcecode.cpp.cpp; path = Queue.cpp; sourceTree = "<group>"; };
		D5DDFB731BC49F7F00E5328A /* Range.cpp */ = {isa = PBXFileReference; fileEncoding = 4; lastKnownFileType = sourcecode.cpp.cpp; path = Range.cpp; sourceTree = "<group>"; };
		D5DDFB741BC49F7F00E5328A /* Set.cpp */ = {isa = PBXFileReference; fileEncoding = 4; lastKnownFileType = sourcecode.cpp.cpp; path = Set.cpp; sourceTree = "<group>"; };
		D5DDFB751BC49F7F00E5328A /* SortDescriptor.cpp */ = {isa = PBXFileReference; fileEncoding = 4; lastKnownFileType = sourcecode.cpp.cpp; path = SortDescriptor.cpp; sourceTree = "<group>"; };
		D5DDFB761BC49F7F00E5328A /* Stack.cpp */ = {isa = PBXFileReference; fileEncoding = 4; lastKnownFileType = sourcecode.cpp.cpp; path = Stack.cpp; sourceTree = "<group>"; };
		D5DDFB771BC49F7F00E5328A /* String.cpp */ = {isa = PBXFileReference; fileEncoding = 4; lastKnownFileType = sourcecode.cpp.cpp; path = String.cpp; sourceTree = "<group>"; };
		D5DDFB781BC49F7F00E5328A /* URL.cpp */ = {isa = PBXFileReference; fileEncoding = 4; lastKnownFileType = sourcecode.cpp.cpp; path = URL.cpp; sourceTree = "<group>"; };
		D5DDFBAA1BC49FFD00E5328A /* coconut_dylib.cpp */ = {isa = PBXFileReference; fileEncoding = 4; lastKnownFileType = sourcecode.cpp.cpp; path = coconut_dylib.cpp; sourceTree = "<group>"; };
		D5DDFBAB1BC49FFD00E5328A /* coconut_static.cpp */ = {isa = PBXFileReference; fileEncoding = 4; lastKnownFileType = sourcecode.cpp.cpp; path = coconut_static.cpp; sourceTree = "<group>"; };
		D5DDFBAC1BC49FFD00E5328A /* coconut_test.cpp */ = {isa = PBXFileReference; fileEncoding = 4; lastKnownFileType = sourcecode.cpp.cpp; path = coconut_test.cpp; sourceTree = "<group>"; };
		D5DDFC3F1BC4A11700E5328A /* coconut_test */ = {isa = PBXFileReference; explicitFileType = "compiled.mach-o.executable"; includeInIndex = 0; path = coconut_test; sourceTree = BUILT_PRODUCTS_DIR; };
		D5F5AB5F1BC9C9CC00902D69 /* Serialization.cpp */ = {isa = PBXFileReference; fileEncoding = 4; lastKnownFileType = sourcecode.cpp.cpp; path = Serialization.cpp; sourceTree = "<group>"; };
		D5F5D2271CD6FE1000C414D6 /* nutrt-ustring_transliterate.hxx */ = {isa = PBXFileReference; lastKnownFileType = sourcecode.cpp.h; path = "nutrt-ustring_transliterate.hxx"; sourceTree = "<group>"; };
		D5F819A61BE7EC0500AE4EBD /* MutableSet.hpp */ = {isa = PBXFileReference; fileEncoding = 4; lastKnownFileType = sourcecode.cpp.h; path = MutableSet.hpp; sourceTree = "<group>"; };
		D5FC0E451CD6C71E00F2E75B /* nutrt-_defer.hpp */ = {isa = PBXFileReference; lastKnownFileType = sourcecode.cpp.h; path = "nutrt-_defer.hpp"; sourceTree = "<group>"; };
		D5FC0E461CD6C71E00F2E75B /* nutrt-_endian.hpp */ = {isa = PBXFileReference; lastKnownFileType = sourcecode.cpp.h; path = "nutrt-_endian.hpp"; sourceTree = "<group>"; };
		D5FC0E471CD6C71E00F2E75B /* nutrt-_inifini.hpp */ = {isa = PBXFileReference; lastKnownFileType = sourcecode.cpp.h; path = "nutrt-_inifini.hpp"; sourceTree = "<group>"; };
		D5FC0E481CD6C71E00F2E75B /* nutrt-_intrinsic.hpp */ = {isa = PBXFileReference; lastKnownFileType = sourcecode.cpp.h; path = "nutrt-_intrinsic.hpp"; sourceTree = "<group>"; };
		D5FC0E491CD6C71E00F2E75B /* nutrt-algorithms.hpp */ = {isa = PBXFileReference; lastKnownFileType = sourcecode.cpp.h; path = "nutrt-algorithms.hpp"; sourceTree = "<group>"; };
		D5FC0E4A1CD6C71E00F2E75B /* nutrt-async.hpp */ = {isa = PBXFileReference; lastKnownFileType = sourcecode.cpp.h; path = "nutrt-async.hpp"; sourceTree = "<group>"; };
		D5FC0E4B1CD6C71E00F2E75B /* nutrt-base64.hpp */ = {isa = PBXFileReference; lastKnownFileType = sourcecode.cpp.h; path = "nutrt-base64.hpp"; sourceTree = "<group>"; };
		D5FC0E4C1CD6C71E00F2E75B /* nutrt-byteorder.hpp */ = {isa = PBXFileReference; lastKnownFileType = sourcecode.cpp.h; path = "nutrt-byteorder.hpp"; sourceTree = "<group>"; };
		D5FC0E4D1CD6C71E00F2E75B /* nutrt-defines.hpp */ = {isa = PBXFileReference; lastKnownFileType = sourcecode.cpp.h; path = "nutrt-defines.hpp"; sourceTree = "<group>"; };
		D5FC0E4E1CD6C71E00F2E75B /* nutrt-hash.hpp */ = {isa = PBXFileReference; lastKnownFileType = sourcecode.cpp.h; path = "nutrt-hash.hpp"; sourceTree = "<group>"; };
		D5FC0E4F1CD6C71E00F2E75B /* nutrt-hexrep.hpp */ = {isa = PBXFileReference; lastKnownFileType = sourcecode.cpp.h; path = "nutrt-hexrep.hpp"; sourceTree = "<group>"; };
		D5FC0E501CD6C71E00F2E75B /* nutrt-iterators.hpp */ = {isa = PBXFileReference; lastKnownFileType = sourcecode.cpp.h; path = "nutrt-iterators.hpp"; sourceTree = "<group>"; };
		D5FC0E511CD6C71E00F2E75B /* nutrt-nucleus.hpp */ = {isa = PBXFileReference; lastKnownFileType = sourcecode.cpp.h; path = "nutrt-nucleus.hpp"; sourceTree = "<group>"; };
		D5FC0E521CD6C71E00F2E75B /* nutrt-spinlock.hpp */ = {isa = PBXFileReference; lastKnownFileType = sourcecode.cpp.h; path = "nutrt-spinlock.hpp"; sourceTree = "<group>"; };
		D5FC0E531CD6C71E00F2E75B /* nutrt-stream.hpp */ = {isa = PBXFileReference; lastKnownFileType = sourcecode.cpp.h; path = "nutrt-stream.hpp"; sourceTree = "<group>"; };
		D5FC0E541CD6C71E00F2E75B /* nutrt-types.hpp */ = {isa = PBXFileReference; lastKnownFileType = sourcecode.cpp.h; path = "nutrt-types.hpp"; sourceTree = "<group>"; };
		D5FC0E551CD6C71E00F2E75B /* nutrt-unicode.hpp */ = {isa = PBXFileReference; lastKnownFileType = sourcecode.cpp.h; path = "nutrt-unicode.hpp"; sourceTree = "<group>"; };
		D5FC0E561CD6C71E00F2E75B /* nutrt-zombie.hpp */ = {isa = PBXFileReference; lastKnownFileType = sourcecode.cpp.h; path = "nutrt-zombie.hpp"; sourceTree = "<group>"; };
		D5FC0E581CD6C71E00F2E75B /* nutrt-bytebuf.hpp */ = {isa = PBXFileReference; lastKnownFileType = sourcecode.cpp.h; path = "nutrt-bytebuf.hpp"; sourceTree = "<group>"; };
		D5FC0E591CD6C71E00F2E75B /* nutrt-datetime.hpp */ = {isa = PBXFileReference; lastKnownFileType = sourcecode.cpp.h; path = "nutrt-datetime.hpp"; sourceTree = "<group>"; };
		D5FC0E5A1CD6C71E00F2E75B /* nutrt-formatter.hpp */ = {isa = PBXFileReference; lastKnownFileType = sourcecode.cpp.h; path = "nutrt-formatter.hpp"; sourceTree = "<group>"; };
		D5FC0E5B1CD6C71E00F2E75B /* nutrt-indexpath.hpp */ = {isa = PBXFileReference; lastKnownFileType = sourcecode.cpp.h; path = "nutrt-indexpath.hpp"; sourceTree = "<group>"; };
		D5FC0E5C1CD6C71E00F2E75B /* nutrt-indexset.hpp */ = {isa = PBXFileReference; lastKnownFileType = sourcecode.cpp.h; path = "nutrt-indexset.hpp"; sourceTree = "<group>"; };
		D5FC0E5D1CD6C71E00F2E75B /* nutrt-irange.hpp */ = {isa = PBXFileReference; lastKnownFileType = sourcecode.cpp.h; path = "nutrt-irange.hpp"; sourceTree = "<group>"; };
		D5FC0E5E1CD6C71E00F2E75B /* nutrt-islice.hpp */ = {isa = PBXFileReference; lastKnownFileType = sourcecode.cpp.h; path = "nutrt-islice.hpp"; sourceTree = "<group>"; };
		D5FC0E5F1CD6C71E00F2E75B /* nutrt-locale.hpp */ = {isa = PBXFileReference; lastKnownFileType = sourcecode.cpp.h; path = "nutrt-locale.hpp"; sourceTree = "<group>"; };
		D5FC0E601CD6C71E00F2E75B /* nutrt-mapbuf.hpp */ = {isa = PBXFileReference; lastKnownFileType = sourcecode.cpp.h; path = "nutrt-mapbuf.hpp"; sourceTree = "<group>"; };
		D5FC0E611CD6C71E00F2E75B /* nutrt-numeric.hpp */ = {isa = PBXFileReference; lastKnownFileType = sourcecode.cpp.h; path = "nutrt-numeric.hpp"; sourceTree = "<group>"; };
		D5FC0E621CD6C71E00F2E75B /* nutrt-timezone.hpp */ = {isa = PBXFileReference; lastKnownFileType = sourcecode.cpp.h; path = "nutrt-timezone.hpp"; sourceTree = "<group>"; };
		D5FC0E631CD6C71E00F2E75B /* nutrt-upath.hpp */ = {isa = PBXFileReference; lastKnownFileType = sourcecode.cpp.h; path = "nutrt-upath.hpp"; sourceTree = "<group>"; };
		D5FC0E641CD6C71E00F2E75B /* nutrt-uri.hpp */ = {isa = PBXFileReference; lastKnownFileType = sourcecode.cpp.h; path = "nutrt-uri.hpp"; sourceTree = "<group>"; };
		D5FC0E651CD6C71E00F2E75B /* nutrt-ustring.hpp */ = {isa = PBXFileReference; lastKnownFileType = sourcecode.cpp.h; path = "nutrt-ustring.hpp"; sourceTree = "<group>"; };
		D5FC0E671CD6C73C00F2E75B /* nutrt-datetime_epoch.hxx */ = {isa = PBXFileReference; fileEncoding = 4; lastKnownFileType = sourcecode.cpp.h; path = "nutrt-datetime_epoch.hxx"; sourceTree = "<group>"; };
		D5FC0E681CD6C73C00F2E75B /* nutrt-datetime_format.hxx */ = {isa = PBXFileReference; fileEncoding = 4; lastKnownFileType = sourcecode.cpp.h; path = "nutrt-datetime_format.hxx"; sourceTree = "<group>"; };
		D5FC0E691CD6C73C00F2E75B /* nutrt-filesystem_info.hxx */ = {isa = PBXFileReference; fileEncoding = 4; lastKnownFileType = sourcecode.cpp.h; path = "nutrt-filesystem_info.hxx"; sourceTree = "<group>"; };
		D5FC0E6A1CD6C73C00F2E75B /* nutrt-hash_sha1_func.hxx */ = {isa = PBXFileReference; fileEncoding = 4; lastKnownFileType = sourcecode.cpp.h; path = "nutrt-hash_sha1_func.hxx"; sourceTree = "<group>"; };
		D5FC0E6B1CD6C73C00F2E75B /* nutrt-hash_sha256_func.hxx */ = {isa = PBXFileReference; fileEncoding = 4; lastKnownFileType = sourcecode.cpp.h; path = "nutrt-hash_sha256_func.hxx"; sourceTree = "<group>"; };
		D5FC0E6C1CD6C73C00F2E75B /* nutrt-hash_sha_base.hxx */ = {isa = PBXFileReference; fileEncoding = 4; lastKnownFileType = sourcecode.cpp.h; path = "nutrt-hash_sha_base.hxx"; sourceTree = "<group>"; };
		D5FC0E6D1CD6C73C00F2E75B /* nutrt-locale_system.hxx */ = {isa = PBXFileReference; fileEncoding = 4; lastKnownFileType = sourcecode.cpp.h; path = "nutrt-locale_system.hxx"; sourceTree = "<group>"; };
		D5FC0E6E1CD6C73C00F2E75B /* nutrt-serialization_xmlplist.hxx */ = {isa = PBXFileReference; fileEncoding = 4; lastKnownFileType = sourcecode.cpp.h; path = "nutrt-serialization_xmlplist.hxx"; sourceTree = "<group>"; };
		D5FC0E6F1CD6C73C00F2E75B /* nutrt-stream_convpath.hxx */ = {isa = PBXFileReference; fileEncoding = 4; lastKnownFileType = sourcecode.cpp.h; path = "nutrt-stream_convpath.hxx"; sourceTree = "<group>"; };
		D5FC0E701CD6C73C00F2E75B /* nutrt-terminal_utf8.hxx */ = {isa = PBXFileReference; fileEncoding = 4; lastKnownFileType = sourcecode.cpp.h; path = "nutrt-terminal_utf8.hxx"; sourceTree = "<group>"; };
		D5FC0E711CD6C73C00F2E75B /* nutrt-upath_absolute.hxx */ = {isa = PBXFileReference; fileEncoding = 4; lastKnownFileType = sourcecode.cpp.h; path = "nutrt-upath_absolute.hxx"; sourceTree = "<group>"; };
		D5FC0E721CD6C73C00F2E75B /* nutrt-upath_detection.hxx */ = {isa = PBXFileReference; fileEncoding = 4; lastKnownFileType = sourcecode.cpp.h; path = "nutrt-upath_detection.hxx"; sourceTree = "<group>"; };
		D5FC0E731CD6C73C00F2E75B /* nutrt-uri_escaping.hxx */ = {isa = PBXFileReference; fileEncoding = 4; lastKnownFileType = sourcecode.cpp.h; path = "nutrt-uri_escaping.hxx"; sourceTree = "<group>"; };
		D5FC0E741CD6C73C00F2E75B /* nutrt-uri_joining.hxx */ = {isa = PBXFileReference; fileEncoding = 4; lastKnownFileType = sourcecode.cpp.h; path = "nutrt-uri_joining.hxx"; sourceTree = "<group>"; };
		D5FC0E751CD6C73C00F2E75B /* nutrt-uri_parsing.hxx */ = {isa = PBXFileReference; fileEncoding = 4; lastKnownFileType = sourcecode.cpp.h; path = "nutrt-uri_parsing.hxx"; sourceTree = "<group>"; };
		D5FC0E761CD6C73C00F2E75B /* nutrt-ustring_compare_utf16.hxx */ = {isa = PBXFileReference; fileEncoding = 4; lastKnownFileType = sourcecode.cpp.h; path = "nutrt-ustring_compare_utf16.hxx"; sourceTree = "<group>"; };
		D5FC0E771CD6C73C00F2E75B /* nutrt-ustring_compare_utf8.hxx */ = {isa = PBXFileReference; fileEncoding = 4; lastKnownFileType = sourcecode.cpp.h; path = "nutrt-ustring_compare_utf8.hxx"; sourceTree = "<group>"; };
		D5FC0E781CD6C73C00F2E75B /* nutrt-ustring_encoding.hxx */ = {isa = PBXFileReference; fileEncoding = 4; lastKnownFileType = sourcecode.cpp.h; path = "nutrt-ustring_encoding.hxx"; sourceTree = "<group>"; };
		D5FC0E791CD6C73C00F2E75B /* nutrt-ustring_parsing.hxx */ = {isa = PBXFileReference; fileEncoding = 4; lastKnownFileType = sourcecode.cpp.h; path = "nutrt-ustring_parsing.hxx"; sourceTree = "<group>"; };
		D5FC0E7A1CD6C73C00F2E75B /* nutrt-ustring_searching.hxx */ = {isa = PBXFileReference; fileEncoding = 4; lastKnownFileType = sourcecode.cpp.h; path = "nutrt-ustring_searching.hxx"; sourceTree = "<group>"; };
		D5FC0E7C1CD6C73C00F2E75B /* nutrt-hash_sha1.cpp */ = {isa = PBXFileReference; fileEncoding = 4; lastKnownFileType = sourcecode.cpp.cpp; path = "nutrt-hash_sha1.cpp"; sourceTree = "<group>"; };
		D5FC0E7D1CD6C73C00F2E75B /* nutrt-hash_sha256.cpp */ = {isa = PBXFileReference; fileEncoding = 4; lastKnownFileType = sourcecode.cpp.cpp; path = "nutrt-hash_sha256.cpp"; sourceTree = "<group>"; };
		D5FC0E7E1CD6C73C00F2E75B /* nutrt-hash_sha_base.cpp */ = {isa = PBXFileReference; fileEncoding = 4; lastKnownFileType = sourcecode.cpp.cpp; path = "nutrt-hash_sha_base.cpp"; sourceTree = "<group>"; };
		D5FC0E7F1CD6C73C00F2E75B /* nutrt-nucleus.cpp */ = {isa = PBXFileReference; fileEncoding = 4; lastKnownFileType = sourcecode.cpp.cpp; path = "nutrt-nucleus.cpp"; sourceTree = "<group>"; };
		D5FC0E801CD6C73C00F2E75B /* nutrt-spinlock.cpp */ = {isa = PBXFileReference; fileEncoding = 4; lastKnownFileType = sourcecode.cpp.cpp; path = "nutrt-spinlock.cpp"; sourceTree = "<group>"; };
		D5FC0E811CD6C73C00F2E75B /* nutrt-stream.cpp */ = {isa = PBXFileReference; fileEncoding = 4; lastKnownFileType = sourcecode.cpp.cpp; path = "nutrt-stream.cpp"; sourceTree = "<group>"; };
		D5FC0E821CD6C73C00F2E75B /* nutrt-zombie.cpp */ = {isa = PBXFileReference; fileEncoding = 4; lastKnownFileType = sourcecode.cpp.cpp; path = "nutrt-zombie.cpp"; sourceTree = "<group>"; };
		D5FC0E841CD6C73C00F2E75B /* nutrt-bytebuf.cpp */ = {isa = PBXFileReference; fileEncoding = 4; lastKnownFileType = sourcecode.cpp.cpp; path = "nutrt-bytebuf.cpp"; sourceTree = "<group>"; };
		D5FC0E851CD6C73C00F2E75B /* nutrt-datetime.cpp */ = {isa = PBXFileReference; fileEncoding = 4; lastKnownFileType = sourcecode.cpp.cpp; path = "nutrt-datetime.cpp"; sourceTree = "<group>"; };
		D5FC0E861CD6C73C00F2E75B /* nutrt-indexpath.cpp */ = {isa = PBXFileReference; fileEncoding = 4; lastKnownFileType = sourcecode.cpp.cpp; path = "nutrt-indexpath.cpp"; sourceTree = "<group>"; };
		D5FC0E871CD6C73C00F2E75B /* nutrt-indexset.cpp */ = {isa = PBXFileReference; fileEncoding = 4; lastKnownFileType = sourcecode.cpp.cpp; path = "nutrt-indexset.cpp"; sourceTree = "<group>"; };
		D5FC0E881CD6C73C00F2E75B /* nutrt-irange.cpp */ = {isa = PBXFileReference; fileEncoding = 4; lastKnownFileType = sourcecode.cpp.cpp; path = "nutrt-irange.cpp"; sourceTree = "<group>"; };
		D5FC0E891CD6C73C00F2E75B /* nutrt-islice.cpp */ = {isa = PBXFileReference; fileEncoding = 4; lastKnownFileType = sourcecode.cpp.cpp; path = "nutrt-islice.cpp"; sourceTree = "<group>"; };
		D5FC0E8A1CD6C73C00F2E75B /* nutrt-numeric.cpp */ = {isa = PBXFileReference; fileEncoding = 4; lastKnownFileType = sourcecode.cpp.cpp; path = "nutrt-numeric.cpp"; sourceTree = "<group>"; };
		D5FC0E8B1CD6C73C00F2E75B /* nutrt-upath.cpp */ = {isa = PBXFileReference; fileEncoding = 4; lastKnownFileType = sourcecode.cpp.cpp; path = "nutrt-upath.cpp"; sourceTree = "<group>"; };
		D5FC0E8C1CD6C73C00F2E75B /* nutrt-uri.cpp */ = {isa = PBXFileReference; fileEncoding = 4; lastKnownFileType = sourcecode.cpp.cpp; path = "nutrt-uri.cpp"; sourceTree = "<group>"; };
		D5FC0E8D1CD6C73C00F2E75B /* nutrt-ustring.cpp */ = {isa = PBXFileReference; fileEncoding = 4; lastKnownFileType = sourcecode.cpp.cpp; path = "nutrt-ustring.cpp"; sourceTree = "<group>"; };
		D5FD45151A8559450048F678 /* libruntime_dylib-1.0.1.dylib */ = {isa = PBXFileReference; explicitFileType = "compiled.mach-o.dylib"; includeInIndex = 0; path = "libruntime_dylib-1.0.1.dylib"; sourceTree = BUILT_PRODUCTS_DIR; };
/* End PBXFileReference section */

/* Begin PBXFrameworksBuildPhase section */
		D52B86BE1A8ECA200086CB97 /* Frameworks */ = {
			isa = PBXFrameworksBuildPhase;
			buildActionMask = 2147483647;
			files = (
				D521DD1F1C35C4A600944D77 /* CoreFoundation.framework in Frameworks */,
				D528D4421BC4931E00D8087D /* libicudata.a in Frameworks */,
				D528D4431BC4931E00D8087D /* libicui18n.a in Frameworks */,
				D528D4441BC4931E00D8087D /* libicuio.a in Frameworks */,
				D528D4451BC4931E00D8087D /* libicule.a in Frameworks */,
				D528D4461BC4931E00D8087D /* libiculx.a in Frameworks */,
				D528D4481BC4931E00D8087D /* libicutu.a in Frameworks */,
				D528D4491BC4931E00D8087D /* libicuuc.a in Frameworks */,
				D528D4411BC4931400D8087D /* liburiparser.a in Frameworks */,
			);
			runOnlyForDeploymentPostprocessing = 0;
		};
		D56A56C91BC4BC520056B40C /* Frameworks */ = {
			isa = PBXFrameworksBuildPhase;
			buildActionMask = 2147483647;
			files = (
				D521DD201C35C4CD00944D77 /* CoreFoundation.framework in Frameworks */,
				D56A57AD1BC4BCDD0056B40C /* libruntime_static.a in Frameworks */,
			);
			runOnlyForDeploymentPostprocessing = 0;
		};
		D56A57501BC4BC630056B40C /* Frameworks */ = {
			isa = PBXFrameworksBuildPhase;
			buildActionMask = 2147483647;
			files = (
				D521DD211C35C4D700944D77 /* CoreFoundation.framework in Frameworks */,
				D56A57AC1BC4BCCC0056B40C /* libruntime_static.a in Frameworks */,
			);
			runOnlyForDeploymentPostprocessing = 0;
		};
		D5DDFC3C1BC4A11700E5328A /* Frameworks */ = {
			isa = PBXFrameworksBuildPhase;
			buildActionMask = 2147483647;
			files = (
				D56A57AE1BC4BD1B0056B40C /* libfoundation_static.a in Frameworks */,
			);
			runOnlyForDeploymentPostprocessing = 0;
		};
		D5FD45121A8559450048F678 /* Frameworks */ = {
			isa = PBXFrameworksBuildPhase;
			buildActionMask = 2147483647;
			files = (
				D521DD1E1C35C48A00944D77 /* CoreFoundation.framework in Frameworks */,
				D528D4371BC492FE00D8087D /* libicudata.a in Frameworks */,
				D528D4381BC492FE00D8087D /* libicui18n.a in Frameworks */,
				D528D4391BC492FE00D8087D /* libicuio.a in Frameworks */,
				D528D43A1BC492FE00D8087D /* libicule.a in Frameworks */,
				D528D43B1BC492FE00D8087D /* libiculx.a in Frameworks */,
				D528D43D1BC492FE00D8087D /* libicutu.a in Frameworks */,
				D528D43E1BC492FE00D8087D /* libicuuc.a in Frameworks */,
				D528D4401BC4930700D8087D /* liburiparser.a in Frameworks */,
			);
			runOnlyForDeploymentPostprocessing = 0;
		};
/* End PBXFrameworksBuildPhase section */

/* Begin PBXGroup section */
		D528D2C21BC4928500D8087D /* coconut */ = {
			isa = PBXGroup;
			children = (
				D5DDFB091BC49F4B00E5328A /* foundation */,
				D528D2E11BC4928500D8087D /* runtime */,
				D5DDFB261BC49F4B00E5328A /* foundation.hpp */,
			);
			name = coconut;
			path = ../coconut;
			sourceTree = "<group>";
		};
		D528D2E11BC4928500D8087D /* runtime */ = {
			isa = PBXGroup;
			children = (
				D5FC0E441CD6C71E00F2E75B /* details */,
				D528D2F31BC4928500D8087D /* ByteOrder.hpp */,
				D523CA381C2A07B4007270F7 /* Features.hpp */,
				D54EBAED1C9DE46500B7256F /* JobBroker.hpp */,
				D54322131BCC413900839B4B /* Object.hpp */,
				D5B245A11C8BBD82001F2376 /* Printifier.hpp */,
				D528D3061BC4928500D8087D /* Serialization.hpp */,
				D528D3071BC4928500D8087D /* Types.hpp */,
			);
			path = runtime;
			sourceTree = "<group>";
		};
		D528D3881BC4929B00D8087D /* source */ = {
			isa = PBXGroup;
			children = (
				D5DDFB611BC49F7F00E5328A /* foundation */,
				D528D3A11BC4929B00D8087D /* runtime */,
			);
			name = source;
			path = ../source;
			sourceTree = "<group>";
		};
		D528D3A11BC4929B00D8087D /* runtime */ = {
			isa = PBXGroup;
			children = (
				D5FC0E661CD6C73C00F2E75B /* builtins */,
				D5FC0E7B1CD6C73C00F2E75B /* details */,
				D528D3C41BC4929C00D8087D /* Object.cpp */,
				D5F5AB5F1BC9C9CC00902D69 /* Serialization.cpp */,
			);
			path = runtime;
			sourceTree = "<group>";
		};
		D561E1D11AD1ECF800FD49B0 /* sdk */ = {
			isa = PBXGroup;
			children = (
				D521DD1D1C35C48A00944D77 /* CoreFoundation.framework */,
				D528D42F1BC492FE00D8087D /* libicudata.a */,
				D528D4301BC492FE00D8087D /* libicui18n.a */,
				D528D4311BC492FE00D8087D /* libicuio.a */,
				D528D4321BC492FE00D8087D /* libicule.a */,
				D528D4331BC492FE00D8087D /* libiculx.a */,
				D528D4351BC492FE00D8087D /* libicutu.a */,
				D528D4361BC492FE00D8087D /* libicuuc.a */,
				D528D43F1BC4930700D8087D /* liburiparser.a */,
			);
			name = sdk;
			sourceTree = "<group>";
		};
		D5DDFB091BC49F4B00E5328A /* foundation */ = {
			isa = PBXGroup;
			children = (
				D5DDFB0A1BC49F4B00E5328A /* Array.hpp */,
				D5DDFB0B1BC49F4B00E5328A /* Data.hpp */,
				D5DDFB0C1BC49F4B00E5328A /* Date.hpp */,
				D5CF017D1CAF3F0500C383CD /* Deque.hpp */,
				D5DDFB0D1BC49F4B00E5328A /* Dictionary.hpp */,
				D5DDFB0E1BC49F4B00E5328A /* Dim.hpp */,
				D5DDFB0F1BC49F4B00E5328A /* Empty.hpp */,
				D5B91FFD1C1F409C00829B3A /* Error.hpp */,
				D5DDFB101BC49F4B00E5328A /* IndexPath.hpp */,
				D5DDFB111BC49F4B00E5328A /* MutableArray.hpp */,
				D5DDFB121BC49F4B00E5328A /* MutableData.hpp */,
				D5DDFB131BC49F4B00E5328A /* MutableDictionary.hpp */,
				D5DDFB141BC49F4B00E5328A /* MutableOrderedSet.hpp */,
				D5DDFB151BC49F4B00E5328A /* MutablePath.hpp */,
				D5DDFB161BC49F4B00E5328A /* MutableRange.hpp */,
				D5F819A61BE7EC0500AE4EBD /* MutableSet.hpp */,
				D5DDFB171BC49F4B00E5328A /* MutableString.hpp */,
				D5DDFB181BC49F4B00E5328A /* None.hpp */,
				D5DDFB191BC49F4B00E5328A /* Number.hpp */,
				D5DDFB1A1BC49F4B00E5328A /* OrderedSet.hpp */,
				D5DDFB1B1BC49F4B00E5328A /* Path.hpp */,
				D5DDFB1C1BC49F4B00E5328A /* Point.hpp */,
				D5DDFB1D1BC49F4B00E5328A /* Proxy.hpp */,
				D5DDFB1E1BC49F4B00E5328A /* Queue.hpp */,
				D5DDFB1F1BC49F4B00E5328A /* Range.hpp */,
				D5DDFB201BC49F4B00E5328A /* Rect.hpp */,
				D5DDFB211BC49F4B00E5328A /* Set.hpp */,
				D59B55881C25DA5F00739192 /* Slice.hpp */,
				D5DDFB221BC49F4B00E5328A /* SortDescriptor.hpp */,
				D5DDFB231BC49F4B00E5328A /* Stack.hpp */,
				D5DDFB241BC49F4B00E5328A /* String.hpp */,
				D5DDFB251BC49F4B00E5328A /* URL.hpp */,
			);
			path = foundation;
			sourceTree = "<group>";
		};
		D5DDFB611BC49F7F00E5328A /* foundation */ = {
			isa = PBXGroup;
			children = (
				D5DDFB621BC49F7F00E5328A /* Array.cpp */,
				D5DDFB631BC49F7F00E5328A /* Data.cpp */,
				D5DDFB641BC49F7F00E5328A /* Date.cpp */,
				D5CF01801CAF468700C383CD /* Deque.cpp */,
				D5DDFB651BC49F7F00E5328A /* Dictionary.cpp */,
				D5DDFB661BC49F7F00E5328A /* Empty.cpp */,
				D5B920001C1F721700829B3A /* Error.cpp */,
				D5DDFB671BC49F7F00E5328A /* IndexPath.cpp */,
				D5DDFB681BC49F7F00E5328A /* MutableArray.cpp */,
				D5DDFB691BC49F7F00E5328A /* MutableData.cpp */,
				D5DDFB6A1BC49F7F00E5328A /* MutableDictionary.cpp */,
				D5DDFB6B1BC49F7F00E5328A /* MutableRange.cpp */,
				D5DDFB6C1BC49F7F00E5328A /* MutableString.cpp */,
				D5DDFB6D1BC49F7F00E5328A /* None.cpp */,
				D5DDFB6E1BC49F7F00E5328A /* Number.cpp */,
				D5DDFB6F1BC49F7F00E5328A /* OrderedSet.cpp */,
				D5DDFB701BC49F7F00E5328A /* Path.cpp */,
				D5DDFB711BC49F7F00E5328A /* Proxy.cpp */,
				D5DDFB721BC49F7F00E5328A /* Queue.cpp */,
				D5DDFB731BC49F7F00E5328A /* Range.cpp */,
				D5DDFB741BC49F7F00E5328A /* Set.cpp */,
				D59B558B1C25DA7600739192 /* Slice.cpp */,
				D5DDFB751BC49F7F00E5328A /* SortDescriptor.cpp */,
				D5DDFB761BC49F7F00E5328A /* Stack.cpp */,
				D5DDFB771BC49F7F00E5328A /* String.cpp */,
				D5DDFB781BC49F7F00E5328A /* URL.cpp */,
			);
			path = foundation;
			sourceTree = "<group>";
		};
		D5DDFBA91BC49FFD00E5328A /* other */ = {
			isa = PBXGroup;
			children = (
				D5DDFBAA1BC49FFD00E5328A /* coconut_dylib.cpp */,
				D5DDFBAB1BC49FFD00E5328A /* coconut_static.cpp */,
				D5A0E4761BFFA5A2003E566D /* coconut_test_attrs.hpp */,
				D5DDFBAC1BC49FFD00E5328A /* coconut_test.cpp */,
			);
			name = other;
			path = ../other;
			sourceTree = "<group>";
		};
		D5FC0E441CD6C71E00F2E75B /* details */ = {
			isa = PBXGroup;
			children = (
				D5FC0E451CD6C71E00F2E75B /* nutrt-_defer.hpp */,
				D5FC0E461CD6C71E00F2E75B /* nutrt-_endian.hpp */,
				D5FC0E471CD6C71E00F2E75B /* nutrt-_inifini.hpp */,
				D5FC0E481CD6C71E00F2E75B /* nutrt-_intrinsic.hpp */,
				D5FC0E491CD6C71E00F2E75B /* nutrt-algorithms.hpp */,
				D5205CF81CEF8D4F00FDF88F /* nutrt-allocators.hpp */,
				D5FC0E4A1CD6C71E00F2E75B /* nutrt-async.hpp */,
				D5FC0E4B1CD6C71E00F2E75B /* nutrt-base64.hpp */,
				D5FC0E4C1CD6C71E00F2E75B /* nutrt-byteorder.hpp */,
				D5FC0E4D1CD6C71E00F2E75B /* nutrt-defines.hpp */,
				D5FC0E4E1CD6C71E00F2E75B /* nutrt-hash.hpp */,
				D5FC0E4F1CD6C71E00F2E75B /* nutrt-hexrep.hpp */,
				D5FC0E501CD6C71E00F2E75B /* nutrt-iterators.hpp */,
				D5FC0E511CD6C71E00F2E75B /* nutrt-nucleus.hpp */,
				D5FC0E521CD6C71E00F2E75B /* nutrt-spinlock.hpp */,
				D5FC0E531CD6C71E00F2E75B /* nutrt-stream.hpp */,
				D5FC0E541CD6C71E00F2E75B /* nutrt-types.hpp */,
				D5FC0E551CD6C71E00F2E75B /* nutrt-unicode.hpp */,
				D5FC0E561CD6C71E00F2E75B /* nutrt-zombie.hpp */,
				D5FC0E571CD6C71E00F2E75B /* traits */,
			);
			path = details;
			sourceTree = "<group>";
		};
		D5FC0E571CD6C71E00F2E75B /* traits */ = {
			isa = PBXGroup;
			children = (
				D5FC0E581CD6C71E00F2E75B /* nutrt-bytebuf.hpp */,
				D5FC0E591CD6C71E00F2E75B /* nutrt-datetime.hpp */,
				D5FC0E5A1CD6C71E00F2E75B /* nutrt-formatter.hpp */,
				D5FC0E5B1CD6C71E00F2E75B /* nutrt-indexpath.hpp */,
				D5FC0E5C1CD6C71E00F2E75B /* nutrt-indexset.hpp */,
				D5FC0E5D1CD6C71E00F2E75B /* nutrt-irange.hpp */,
				D5FC0E5E1CD6C71E00F2E75B /* nutrt-islice.hpp */,
				D5FC0E5F1CD6C71E00F2E75B /* nutrt-locale.hpp */,
				D5FC0E601CD6C71E00F2E75B /* nutrt-mapbuf.hpp */,
				D5FC0E611CD6C71E00F2E75B /* nutrt-numeric.hpp */,
				D5FC0E621CD6C71E00F2E75B /* nutrt-timezone.hpp */,
				D5FC0E631CD6C71E00F2E75B /* nutrt-upath.hpp */,
				D5FC0E641CD6C71E00F2E75B /* nutrt-uri.hpp */,
				D5FC0E651CD6C71E00F2E75B /* nutrt-ustring.hpp */,
			);
			path = traits;
			sourceTree = "<group>";
		};
		D5FC0E661CD6C73C00F2E75B /* builtins */ = {
			isa = PBXGroup;
			children = (
				D5FC0E671CD6C73C00F2E75B /* nutrt-datetime_epoch.hxx */,
				D5FC0E681CD6C73C00F2E75B /* nutrt-datetime_format.hxx */,
				D5FC0E691CD6C73C00F2E75B /* nutrt-filesystem_info.hxx */,
				D5FC0E6A1CD6C73C00F2E75B /* nutrt-hash_sha1_func.hxx */,
				D5FC0E6B1CD6C73C00F2E75B /* nutrt-hash_sha256_func.hxx */,
				D5FC0E6C1CD6C73C00F2E75B /* nutrt-hash_sha_base.hxx */,
				D5FC0E6D1CD6C73C00F2E75B /* nutrt-locale_system.hxx */,
				D5FC0E6E1CD6C73C00F2E75B /* nutrt-serialization_xmlplist.hxx */,
				D5FC0E6F1CD6C73C00F2E75B /* nutrt-stream_convpath.hxx */,
				D5FC0E701CD6C73C00F2E75B /* nutrt-terminal_utf8.hxx */,
				D56C6AB71CE512EC0010BC85 /* nutrt-unicode_wide.hxx */,
				D5FC0E711CD6C73C00F2E75B /* nutrt-upath_absolute.hxx */,
				D5FC0E721CD6C73C00F2E75B /* nutrt-upath_detection.hxx */,
				D5FC0E731CD6C73C00F2E75B /* nutrt-uri_escaping.hxx */,
				D5FC0E741CD6C73C00F2E75B /* nutrt-uri_joining.hxx */,
				D5FC0E751CD6C73C00F2E75B /* nutrt-uri_parsing.hxx */,
				D5FC0E761CD6C73C00F2E75B /* nutrt-ustring_compare_utf16.hxx */,
				D5FC0E771CD6C73C00F2E75B /* nutrt-ustring_compare_utf8.hxx */,
				D5FC0E781CD6C73C00F2E75B /* nutrt-ustring_encoding.hxx */,
				D5FC0E791CD6C73C00F2E75B /* nutrt-ustring_parsing.hxx */,
				D5FC0E7A1CD6C73C00F2E75B /* nutrt-ustring_searching.hxx */,
				D5F5D2271CD6FE1000C414D6 /* nutrt-ustring_transliterate.hxx */,
			);
			path = builtins;
			sourceTree = "<group>";
		};
		D5FC0E7B1CD6C73C00F2E75B /* details */ = {
			isa = PBXGroup;
			children = (
				D5FC0E7C1CD6C73C00F2E75B /* nutrt-hash_sha1.cpp */,
				D5FC0E7D1CD6C73C00F2E75B /* nutrt-hash_sha256.cpp */,
				D5FC0E7E1CD6C73C00F2E75B /* nutrt-hash_sha_base.cpp */,
				D5FC0E7F1CD6C73C00F2E75B /* nutrt-nucleus.cpp */,
				D5FC0E801CD6C73C00F2E75B /* nutrt-spinlock.cpp */,
				D5FC0E811CD6C73C00F2E75B /* nutrt-stream.cpp */,
				D5FC0E821CD6C73C00F2E75B /* nutrt-zombie.cpp */,
				D5FC0E831CD6C73C00F2E75B /* traits */,
			);
			path = details;
			sourceTree = "<group>";
		};
		D5FC0E831CD6C73C00F2E75B /* traits */ = {
			isa = PBXGroup;
			children = (
				D5FC0E841CD6C73C00F2E75B /* nutrt-bytebuf.cpp */,
				D5FC0E851CD6C73C00F2E75B /* nutrt-datetime.cpp */,
				D5FC0E861CD6C73C00F2E75B /* nutrt-indexpath.cpp */,
				D5FC0E871CD6C73C00F2E75B /* nutrt-indexset.cpp */,
				D5FC0E881CD6C73C00F2E75B /* nutrt-irange.cpp */,
				D5FC0E891CD6C73C00F2E75B /* nutrt-islice.cpp */,
				D5FC0E8A1CD6C73C00F2E75B /* nutrt-numeric.cpp */,
				D5FC0E8B1CD6C73C00F2E75B /* nutrt-upath.cpp */,
				D5FC0E8C1CD6C73C00F2E75B /* nutrt-uri.cpp */,
				D5FC0E8D1CD6C73C00F2E75B /* nutrt-ustring.cpp */,
			);
			path = traits;
			sourceTree = "<group>";
		};
		D5FD450C1A8559450048F678 = {
			isa = PBXGroup;
			children = (
				D5209D511C3B50A400D86E74 /* ReadMe.markdown */,
				D528D2C21BC4928500D8087D /* coconut */,
				D528D3881BC4929B00D8087D /* source */,
				D561E1D11AD1ECF800FD49B0 /* sdk */,
				D5DDFBA91BC49FFD00E5328A /* other */,
				D5FD45161A8559450048F678 /* Products */,
			);
			sourceTree = "<group>";
		};
		D5FD45161A8559450048F678 /* Products */ = {
			isa = PBXGroup;
			children = (
				D5FD45151A8559450048F678 /* libruntime_dylib-1.0.1.dylib */,
				D52B86C11A8ECA200086CB97 /* libruntime_static.a */,
				D5DDFC3F1BC4A11700E5328A /* coconut_test */,
				D56A57241BC4BC520056B40C /* libfoundation_dylib.dylib */,
				D56A57AB1BC4BC630056B40C /* libfoundation_static.a */,
			);
			name = Products;
			sourceTree = "<group>";
		};
/* End PBXGroup section */

/* Begin PBXHeadersBuildPhase section */
		D52B86BF1A8ECA200086CB97 /* Headers */ = {
			isa = PBXHeadersBuildPhase;
			buildActionMask = 2147483647;
			files = (
				D5FC0E991CD6C73C00F2E75B /* nutrt-hash_sha_base.hxx in Headers */,
				D5FC0EA11CD6C73C00F2E75B /* nutrt-terminal_utf8.hxx in Headers */,
				D5FC0EAF1CD6C73C00F2E75B /* nutrt-ustring_compare_utf8.hxx in Headers */,
				D5FC0E911CD6C73C00F2E75B /* nutrt-datetime_format.hxx in Headers */,
				D5FC0EAB1CD6C73C00F2E75B /* nutrt-uri_parsing.hxx in Headers */,
				D5FC0E8F1CD6C73C00F2E75B /* nutrt-datetime_epoch.hxx in Headers */,
				D5FC0EB11CD6C73C00F2E75B /* nutrt-ustring_encoding.hxx in Headers */,
				D5FC0E971CD6C73C00F2E75B /* nutrt-hash_sha256_func.hxx in Headers */,
				D5205CFA1CEF8D4F00FDF88F /* nutrt-allocators.hpp in Headers */,
				D5FC0EAD1CD6C73C00F2E75B /* nutrt-ustring_compare_utf16.hxx in Headers */,
				D5FC0EA51CD6C73C00F2E75B /* nutrt-upath_detection.hxx in Headers */,
				D5FC0EB51CD6C73C00F2E75B /* nutrt-ustring_searching.hxx in Headers */,
				D5FC0EB31CD6C73C00F2E75B /* nutrt-ustring_parsing.hxx in Headers */,
				D5FC0E9D1CD6C73C00F2E75B /* nutrt-serialization_xmlplist.hxx in Headers */,
				D5FC0E931CD6C73C00F2E75B /* nutrt-filesystem_info.hxx in Headers */,
				D5FC0E951CD6C73C00F2E75B /* nutrt-hash_sha1_func.hxx in Headers */,
				D56C6AB91CE512EC0010BC85 /* nutrt-unicode_wide.hxx in Headers */,
				D5FC0EA31CD6C73C00F2E75B /* nutrt-upath_absolute.hxx in Headers */,
				D5FC0EA91CD6C73C00F2E75B /* nutrt-uri_joining.hxx in Headers */,
				D5FC0EA71CD6C73C00F2E75B /* nutrt-uri_escaping.hxx in Headers */,
				D5FC0E9F1CD6C73C00F2E75B /* nutrt-stream_convpath.hxx in Headers */,
				D5FC0E9B1CD6C73C00F2E75B /* nutrt-locale_system.hxx in Headers */,
			);
			runOnlyForDeploymentPostprocessing = 0;
		};
		D56A56D31BC4BC520056B40C /* Headers */ = {
			isa = PBXHeadersBuildPhase;
			buildActionMask = 2147483647;
			files = (
			);
			runOnlyForDeploymentPostprocessing = 0;
		};
		D56A575A1BC4BC630056B40C /* Headers */ = {
			isa = PBXHeadersBuildPhase;
			buildActionMask = 2147483647;
			files = (
			);
			runOnlyForDeploymentPostprocessing = 0;
		};
		D5FD45131A8559450048F678 /* Headers */ = {
			isa = PBXHeadersBuildPhase;
			buildActionMask = 2147483647;
			files = (
				D5FC0E981CD6C73C00F2E75B /* nutrt-hash_sha_base.hxx in Headers */,
				D5FC0EA01CD6C73C00F2E75B /* nutrt-terminal_utf8.hxx in Headers */,
				D5FC0EAE1CD6C73C00F2E75B /* nutrt-ustring_compare_utf8.hxx in Headers */,
				D5FC0E901CD6C73C00F2E75B /* nutrt-datetime_format.hxx in Headers */,
				D5FC0EAA1CD6C73C00F2E75B /* nutrt-uri_parsing.hxx in Headers */,
				D5FC0E8E1CD6C73C00F2E75B /* nutrt-datetime_epoch.hxx in Headers */,
				D5FC0EB01CD6C73C00F2E75B /* nutrt-ustring_encoding.hxx in Headers */,
				D5FC0E961CD6C73C00F2E75B /* nutrt-hash_sha256_func.hxx in Headers */,
				D5205CF91CEF8D4F00FDF88F /* nutrt-allocators.hpp in Headers */,
				D5FC0EAC1CD6C73C00F2E75B /* nutrt-ustring_compare_utf16.hxx in Headers */,
				D5FC0EA41CD6C73C00F2E75B /* nutrt-upath_detection.hxx in Headers */,
				D5FC0EB41CD6C73C00F2E75B /* nutrt-ustring_searching.hxx in Headers */,
				D5FC0EB21CD6C73C00F2E75B /* nutrt-ustring_parsing.hxx in Headers */,
				D5FC0E9C1CD6C73C00F2E75B /* nutrt-serialization_xmlplist.hxx in Headers */,
				D5FC0E921CD6C73C00F2E75B /* nutrt-filesystem_info.hxx in Headers */,
				D5FC0E941CD6C73C00F2E75B /* nutrt-hash_sha1_func.hxx in Headers */,
				D56C6AB81CE512EC0010BC85 /* nutrt-unicode_wide.hxx in Headers */,
				D5FC0EA21CD6C73C00F2E75B /* nutrt-upath_absolute.hxx in Headers */,
				D5FC0EA81CD6C73C00F2E75B /* nutrt-uri_joining.hxx in Headers */,
				D5FC0EA61CD6C73C00F2E75B /* nutrt-uri_escaping.hxx in Headers */,
				D5FC0E9E1CD6C73C00F2E75B /* nutrt-stream_convpath.hxx in Headers */,
				D5FC0E9A1CD6C73C00F2E75B /* nutrt-locale_system.hxx in Headers */,
			);
			runOnlyForDeploymentPostprocessing = 0;
		};
/* End PBXHeadersBuildPhase section */

/* Begin PBXNativeTarget section */
		D52B86C01A8ECA200086CB97 /* runtime_static */ = {
			isa = PBXNativeTarget;
			buildConfigurationList = D52B86C91A8ECA200086CB97 /* Build configuration list for PBXNativeTarget "runtime_static" */;
			buildPhases = (
				D52B86BD1A8ECA200086CB97 /* Sources */,
				D52B86BE1A8ECA200086CB97 /* Frameworks */,
				D52B86BF1A8ECA200086CB97 /* Headers */,
			);
			buildRules = (
			);
			dependencies = (
			);
			name = runtime_static;
			productName = coconut_static;
			productReference = D52B86C11A8ECA200086CB97 /* libruntime_static.a */;
			productType = "com.apple.product-type.library.static";
		};
		D56A569E1BC4BC520056B40C /* foundation_dylib */ = {
			isa = PBXNativeTarget;
			buildConfigurationList = D56A57211BC4BC520056B40C /* Build configuration list for PBXNativeTarget "foundation_dylib" */;
			buildPhases = (
				D56A569F1BC4BC520056B40C /* Sources */,
				D56A56C91BC4BC520056B40C /* Frameworks */,
				D56A56D31BC4BC520056B40C /* Headers */,
			);
			buildRules = (
			);
			dependencies = (
			);
			name = foundation_dylib;
			productName = coconut;
			productReference = D56A57241BC4BC520056B40C /* libfoundation_dylib.dylib */;
			productType = "com.apple.product-type.library.dynamic";
		};
		D56A57251BC4BC630056B40C /* foundation_static */ = {
			isa = PBXNativeTarget;
			buildConfigurationList = D56A57A81BC4BC630056B40C /* Build configuration list for PBXNativeTarget "foundation_static" */;
			buildPhases = (
				D56A57261BC4BC630056B40C /* Sources */,
				D56A57501BC4BC630056B40C /* Frameworks */,
				D56A575A1BC4BC630056B40C /* Headers */,
			);
			buildRules = (
			);
			dependencies = (
			);
			name = foundation_static;
			productName = coconut_static;
			productReference = D56A57AB1BC4BC630056B40C /* libfoundation_static.a */;
			productType = "com.apple.product-type.library.static";
		};
		D5DDFC3E1BC4A11700E5328A /* coconut_test */ = {
			isa = PBXNativeTarget;
			buildConfigurationList = D5DDFC431BC4A11700E5328A /* Build configuration list for PBXNativeTarget "coconut_test" */;
			buildPhases = (
				D5DDFC3B1BC4A11700E5328A /* Sources */,
				D5DDFC3C1BC4A11700E5328A /* Frameworks */,
				D5DDFC3D1BC4A11700E5328A /* CopyFiles */,
			);
			buildRules = (
			);
			dependencies = (
			);
			name = coconut_test;
			productName = runtime_test;
			productReference = D5DDFC3F1BC4A11700E5328A /* coconut_test */;
			productType = "com.apple.product-type.tool";
		};
		D5FD45141A8559450048F678 /* runtime_dylib */ = {
			isa = PBXNativeTarget;
			buildConfigurationList = D5FD45201A8559460048F678 /* Build configuration list for PBXNativeTarget "runtime_dylib" */;
			buildPhases = (
				D5FD45111A8559450048F678 /* Sources */,
				D5FD45121A8559450048F678 /* Frameworks */,
				D5FD45131A8559450048F678 /* Headers */,
			);
			buildRules = (
			);
			dependencies = (
			);
			name = runtime_dylib;
			productName = coconut;
			productReference = D5FD45151A8559450048F678 /* libruntime_dylib-1.0.1.dylib */;
			productType = "com.apple.product-type.library.dynamic";
		};
/* End PBXNativeTarget section */

/* Begin PBXProject section */
		D5FD450D1A8559450048F678 /* Project object */ = {
			isa = PBXProject;
			attributes = {
				LastUpgradeCheck = 0710;
				ORGANIZATIONNAME = cucurbita;
				TargetAttributes = {
					D52B86C01A8ECA200086CB97 = {
						CreatedOnToolsVersion = 6.1.1;
					};
					D5DDFC3E1BC4A11700E5328A = {
						CreatedOnToolsVersion = 6.4;
					};
					D5FD45141A8559450048F678 = {
						CreatedOnToolsVersion = 6.1.1;
					};
				};
			};
			buildConfigurationList = D5FD45101A8559450048F678 /* Build configuration list for PBXProject "coconut" */;
			compatibilityVersion = "Xcode 3.2";
			developmentRegion = English;
			hasScannedForEncodings = 0;
			knownRegions = (
				en,
			);
			mainGroup = D5FD450C1A8559450048F678;
			productRefGroup = D5FD45161A8559450048F678 /* Products */;
			projectDirPath = "";
			projectRoot = "";
			targets = (
				D5FD45141A8559450048F678 /* runtime_dylib */,
				D52B86C01A8ECA200086CB97 /* runtime_static */,
				D56A569E1BC4BC520056B40C /* foundation_dylib */,
				D56A57251BC4BC630056B40C /* foundation_static */,
				D5DDFC3E1BC4A11700E5328A /* coconut_test */,
			);
		};
/* End PBXProject section */

/* Begin PBXSourcesBuildPhase section */
		D52B86BD1A8ECA200086CB97 /* Sources */ = {
			isa = PBXSourcesBuildPhase;
			buildActionMask = 2147483647;
			files = (
				D5FC0EBD1CD6C73C00F2E75B /* nutrt-nucleus.cpp in Sources */,
				D5FC0EC31CD6C73C00F2E75B /* nutrt-zombie.cpp in Sources */,
				D5FC0EC51CD6C73C00F2E75B /* nutrt-bytebuf.cpp in Sources */,
				D5FC0EC91CD6C73C00F2E75B /* nutrt-indexpath.cpp in Sources */,
				D5FC0EB91CD6C73C00F2E75B /* nutrt-hash_sha256.cpp in Sources */,
				D5FC0ECB1CD6C73C00F2E75B /* nutrt-indexset.cpp in Sources */,
				D5FC0ED71CD6C73C00F2E75B /* nutrt-ustring.cpp in Sources */,
				D5FC0EBF1CD6C73C00F2E75B /* nutrt-spinlock.cpp in Sources */,
				D5FC0EB71CD6C73C00F2E75B /* nutrt-hash_sha1.cpp in Sources */,
				D5FC0ECF1CD6C73C00F2E75B /* nutrt-islice.cpp in Sources */,
				D5FC0EC11CD6C73C00F2E75B /* nutrt-stream.cpp in Sources */,
				D5DDFBB01BC49FFD00E5328A /* coconut_static.cpp in Sources */,
				D5FC0EC71CD6C73C00F2E75B /* nutrt-datetime.cpp in Sources */,
				D5FC0ED51CD6C73C00F2E75B /* nutrt-uri.cpp in Sources */,
				D5FC0ED31CD6C73C00F2E75B /* nutrt-upath.cpp in Sources */,
				D5FC0ECD1CD6C73C00F2E75B /* nutrt-irange.cpp in Sources */,
				D5FC0EBB1CD6C73C00F2E75B /* nutrt-hash_sha_base.cpp in Sources */,
				D5FC0ED11CD6C73C00F2E75B /* nutrt-numeric.cpp in Sources */,
			);
			runOnlyForDeploymentPostprocessing = 0;
		};
		D56A569F1BC4BC520056B40C /* Sources */ = {
			isa = PBXSourcesBuildPhase;
			buildActionMask = 2147483647;
			files = (
				D56A56A01BC4BC520056B40C /* Number.cpp in Sources */,
				D56A56A21BC4BC520056B40C /* coconut_dylib.cpp in Sources */,
				D59B558C1C25DA7600739192 /* Slice.cpp in Sources */,
				D56A56A41BC4BC520056B40C /* Range.cpp in Sources */,
				D56A56A51BC4BC520056B40C /* Queue.cpp in Sources */,
				D5F5AB601BC9C9CC00902D69 /* Serialization.cpp in Sources */,
				D56A56A81BC4BC520056B40C /* MutableString.cpp in Sources */,
				D56A56A91BC4BC520056B40C /* None.cpp in Sources */,
				D56A56AA1BC4BC520056B40C /* URL.cpp in Sources */,
				D56A56AC1BC4BC520056B40C /* IndexPath.cpp in Sources */,
				D56A56AE1BC4BC520056B40C /* Array.cpp in Sources */,
				D56A56B11BC4BC520056B40C /* Data.cpp in Sources */,
				D56A56B21BC4BC520056B40C /* OrderedSet.cpp in Sources */,
				D56A56B31BC4BC520056B40C /* Object.cpp in Sources */,
				D56A56B41BC4BC520056B40C /* Path.cpp in Sources */,
				D56A56B61BC4BC520056B40C /* Date.cpp in Sources */,
				D56A56B71BC4BC520056B40C /* Set.cpp in Sources */,
				D56A56B91BC4BC520056B40C /* SortDescriptor.cpp in Sources */,
				D56A56BA1BC4BC520056B40C /* Dictionary.cpp in Sources */,
				D56A56BC1BC4BC520056B40C /* MutableRange.cpp in Sources */,
				D56A56C01BC4BC520056B40C /* Empty.cpp in Sources */,
				D56A56C11BC4BC520056B40C /* MutableData.cpp in Sources */,
				D5B920011C1F721700829B3A /* Error.cpp in Sources */,
				D56A56C31BC4BC520056B40C /* String.cpp in Sources */,
				D56A56C41BC4BC520056B40C /* Proxy.cpp in Sources */,
				D56A56C51BC4BC520056B40C /* MutableArray.cpp in Sources */,
				D56A56C61BC4BC520056B40C /* Stack.cpp in Sources */,
				D56A56C71BC4BC520056B40C /* MutableDictionary.cpp in Sources */,
				D5CF01811CAF468700C383CD /* Deque.cpp in Sources */,
			);
			runOnlyForDeploymentPostprocessing = 0;
		};
		D56A57261BC4BC630056B40C /* Sources */ = {
			isa = PBXSourcesBuildPhase;
			buildActionMask = 2147483647;
			files = (
				D56A57271BC4BC630056B40C /* Number.cpp in Sources */,
				D56A572A1BC4BC630056B40C /* Range.cpp in Sources */,
				D59B558D1C25DA7600739192 /* Slice.cpp in Sources */,
				D56A572B1BC4BC630056B40C /* Queue.cpp in Sources */,
				D56A572E1BC4BC630056B40C /* MutableString.cpp in Sources */,
				D5F5AB611BC9C9CC00902D69 /* Serialization.cpp in Sources */,
				D56A572F1BC4BC630056B40C /* None.cpp in Sources */,
				D56A57301BC4BC630056B40C /* URL.cpp in Sources */,
				D56A57321BC4BC630056B40C /* IndexPath.cpp in Sources */,
				D56A57341BC4BC630056B40C /* Array.cpp in Sources */,
				D56A57371BC4BC630056B40C /* Data.cpp in Sources */,
				D56A57381BC4BC630056B40C /* OrderedSet.cpp in Sources */,
				D56A57391BC4BC630056B40C /* Object.cpp in Sources */,
				D56A573A1BC4BC630056B40C /* Path.cpp in Sources */,
				D56A573C1BC4BC630056B40C /* Date.cpp in Sources */,
				D56A573D1BC4BC630056B40C /* Set.cpp in Sources */,
				D56A573F1BC4BC630056B40C /* SortDescriptor.cpp in Sources */,
				D56A57401BC4BC630056B40C /* Dictionary.cpp in Sources */,
				D56A57421BC4BC630056B40C /* MutableRange.cpp in Sources */,
				D56A57461BC4BC630056B40C /* Empty.cpp in Sources */,
				D56A57471BC4BC630056B40C /* MutableData.cpp in Sources */,
				D56A57491BC4BC630056B40C /* String.cpp in Sources */,
				D5B920021C1F721700829B3A /* Error.cpp in Sources */,
				D56A574A1BC4BC630056B40C /* Proxy.cpp in Sources */,
				D56A574B1BC4BC630056B40C /* MutableArray.cpp in Sources */,
				D56A574C1BC4BC630056B40C /* Stack.cpp in Sources */,
				D56A574D1BC4BC630056B40C /* coconut_static.cpp in Sources */,
				D56A574E1BC4BC630056B40C /* MutableDictionary.cpp in Sources */,
				D5CF01831CAF469C00C383CD /* Deque.cpp in Sources */,
			);
			runOnlyForDeploymentPostprocessing = 0;
		};
		D5DDFC3B1BC4A11700E5328A /* Sources */ = {
			isa = PBXSourcesBuildPhase;
			buildActionMask = 2147483647;
			files = (
				D5B920031C1F721700829B3A /* Error.cpp in Sources */,
				D5DDFC461BC4A14A00E5328A /* coconut_test.cpp in Sources */,
			);
			runOnlyForDeploymentPostprocessing = 0;
		};
		D5FD45111A8559450048F678 /* Sources */ = {
			isa = PBXSourcesBuildPhase;
			buildActionMask = 2147483647;
			files = (
				D5FC0EBC1CD6C73C00F2E75B /* nutrt-nucleus.cpp in Sources */,
				D5FC0EC21CD6C73C00F2E75B /* nutrt-zombie.cpp in Sources */,
				D5FC0EC41CD6C73C00F2E75B /* nutrt-bytebuf.cpp in Sources */,
				D5FC0EC81CD6C73C00F2E75B /* nutrt-indexpath.cpp in Sources */,
				D5FC0EB81CD6C73C00F2E75B /* nutrt-hash_sha256.cpp in Sources */,
				D5FC0ECA1CD6C73C00F2E75B /* nutrt-indexset.cpp in Sources */,
				D5FC0ED61CD6C73C00F2E75B /* nutrt-ustring.cpp in Sources */,
				D5FC0EBE1CD6C73C00F2E75B /* nutrt-spinlock.cpp in Sources */,
				D5FC0EB61CD6C73C00F2E75B /* nutrt-hash_sha1.cpp in Sources */,
				D5FC0ECE1CD6C73C00F2E75B /* nutrt-islice.cpp in Sources */,
				D5FC0EC01CD6C73C00F2E75B /* nutrt-stream.cpp in Sources */,
				D5DDFBAD1BC49FFD00E5328A /* coconut_dylib.cpp in Sources */,
				D5FC0EC61CD6C73C00F2E75B /* nutrt-datetime.cpp in Sources */,
				D5FC0ED41CD6C73C00F2E75B /* nutrt-uri.cpp in Sources */,
				D5FC0ED21CD6C73C00F2E75B /* nutrt-upath.cpp in Sources */,
				D5FC0ECC1CD6C73C00F2E75B /* nutrt-irange.cpp in Sources */,
				D5FC0EBA1CD6C73C00F2E75B /* nutrt-hash_sha_base.cpp in Sources */,
				D5FC0ED01CD6C73C00F2E75B /* nutrt-numeric.cpp in Sources */,
			);
			runOnlyForDeploymentPostprocessing = 0;
		};
/* End PBXSourcesBuildPhase section */

/* Begin XCBuildConfiguration section */
		D52B86CA1A8ECA200086CB97 /* Debug */ = {
			isa = XCBuildConfiguration;
			buildSettings = {
				COMBINE_HIDPI_IMAGES = YES;
				EXECUTABLE_PREFIX = lib;
				GCC_WARN_HIDDEN_VIRTUAL_FUNCTIONS = YES;
				GCC_WARN_NON_VIRTUAL_DESTRUCTOR = YES;
				OTHER_LDFLAGS = (
					"-force_load",
					"-all_load",
				);
				PRODUCT_NAME = "$(TARGET_NAME)";
			};
			name = Debug;
		};
		D52B86CB1A8ECA200086CB97 /* Release */ = {
			isa = XCBuildConfiguration;
			buildSettings = {
				COMBINE_HIDPI_IMAGES = YES;
				EXECUTABLE_PREFIX = lib;
				GCC_WARN_HIDDEN_VIRTUAL_FUNCTIONS = YES;
				GCC_WARN_NON_VIRTUAL_DESTRUCTOR = YES;
				OTHER_LDFLAGS = (
					"-force_load",
					"-all_load",
				);
				PRODUCT_NAME = "$(TARGET_NAME)";
			};
			name = Release;
		};
		D56A57221BC4BC520056B40C /* Debug */ = {
			isa = XCBuildConfiguration;
			buildSettings = {
				COMBINE_HIDPI_IMAGES = YES;
				EXECUTABLE_EXTENSION = dylib;
				EXECUTABLE_PREFIX = lib;
				MACH_O_TYPE = mh_dylib;
				OTHER_LDFLAGS = "";
				PRODUCT_NAME = foundation_dylib;
				SCAN_ALL_SOURCE_FILES_FOR_INCLUDES = YES;
			};
			name = Debug;
		};
		D56A57231BC4BC520056B40C /* Release */ = {
			isa = XCBuildConfiguration;
			buildSettings = {
				COMBINE_HIDPI_IMAGES = YES;
				EXECUTABLE_EXTENSION = dylib;
				EXECUTABLE_PREFIX = lib;
				MACH_O_TYPE = mh_dylib;
				OTHER_LDFLAGS = "";
				PRODUCT_NAME = foundation_dylib;
				SCAN_ALL_SOURCE_FILES_FOR_INCLUDES = YES;
			};
			name = Release;
		};
		D56A57A91BC4BC630056B40C /* Debug */ = {
			isa = XCBuildConfiguration;
			buildSettings = {
				COMBINE_HIDPI_IMAGES = YES;
				EXECUTABLE_PREFIX = lib;
				GCC_WARN_HIDDEN_VIRTUAL_FUNCTIONS = YES;
				GCC_WARN_NON_VIRTUAL_DESTRUCTOR = YES;
				OTHER_LDFLAGS = (
					"-force_load",
					"-all_load",
				);
				PRODUCT_NAME = foundation_static;
			};
			name = Debug;
		};
		D56A57AA1BC4BC630056B40C /* Release */ = {
			isa = XCBuildConfiguration;
			buildSettings = {
				COMBINE_HIDPI_IMAGES = YES;
				EXECUTABLE_PREFIX = lib;
				GCC_WARN_HIDDEN_VIRTUAL_FUNCTIONS = YES;
				GCC_WARN_NON_VIRTUAL_DESTRUCTOR = YES;
				OTHER_LDFLAGS = (
					"-force_load",
					"-all_load",
				);
				PRODUCT_NAME = foundation_static;
			};
			name = Release;
		};
		D5DDFC441BC4A11700E5328A /* Debug */ = {
			isa = XCBuildConfiguration;
			buildSettings = {
				CLANG_CXX_LANGUAGE_STANDARD = "gnu++0x";
				DEBUG_INFORMATION_FORMAT = dwarf;
				GCC_C_LANGUAGE_STANDARD = gnu99;
				GCC_NO_COMMON_BLOCKS = YES;
				GCC_PREPROCESSOR_DEFINITIONS = (
					"DEBUG=1",
					"$(inherited)",
				);
				GCC_SYMBOLS_PRIVATE_EXTERN = NO;
				PRODUCT_NAME = "$(TARGET_NAME)";
			};
			name = Debug;
		};
		D5DDFC451BC4A11700E5328A /* Release */ = {
			isa = XCBuildConfiguration;
			buildSettings = {
				CLANG_CXX_LANGUAGE_STANDARD = "gnu++0x";
				COPY_PHASE_STRIP = NO;
				GCC_C_LANGUAGE_STANDARD = gnu99;
				GCC_NO_COMMON_BLOCKS = YES;
				PRODUCT_NAME = "$(TARGET_NAME)";
			};
			name = Release;
		};
		D5FD451E1A8559460048F678 /* Debug */ = {
			isa = XCBuildConfiguration;
			buildSettings = {
				ALWAYS_SEARCH_USER_PATHS = YES;
				CLANG_ANALYZER_SECURITY_FLOATLOOPCOUNTER = YES;
				CLANG_CXX_LANGUAGE_STANDARD = "c++0x";
				CLANG_CXX_LIBRARY = "libc++";
				CLANG_ENABLE_MODULES = YES;
				CLANG_ENABLE_OBJC_ARC = YES;
				CLANG_WARN_BOOL_CONVERSION = YES;
				CLANG_WARN_CONSTANT_CONVERSION = YES;
				CLANG_WARN_CXX0X_EXTENSIONS = YES;
				CLANG_WARN_DIRECT_OBJC_ISA_USAGE = YES_ERROR;
				CLANG_WARN_EMPTY_BODY = YES;
				CLANG_WARN_ENUM_CONVERSION = YES;
				CLANG_WARN_INT_CONVERSION = YES;
				CLANG_WARN_OBJC_ROOT_CLASS = YES_ERROR;
				CLANG_WARN_UNREACHABLE_CODE = YES;
				CLANG_WARN__DUPLICATE_METHOD_MATCH = YES;
				CLANG_WARN__EXIT_TIME_DESTRUCTORS = YES;
				COPY_PHASE_STRIP = NO;
				DYLIB_COMPATIBILITY_VERSION = 1;
				DYLIB_CURRENT_VERSION = 1.0;
				ENABLE_STRICT_OBJC_MSGSEND = YES;
				ENABLE_TESTABILITY = YES;
				GCC_C_LANGUAGE_STANDARD = c11;
				GCC_DYNAMIC_NO_PIC = NO;
				GCC_INLINES_ARE_PRIVATE_EXTERN = YES;
				GCC_OPTIMIZATION_LEVEL = 0;
				GCC_PREPROCESSOR_DEFINITIONS = (
					"DEBUG=1",
					"$(inherited)",
				);
				GCC_SYMBOLS_PRIVATE_EXTERN = YES;
				GCC_WARN_64_TO_32_BIT_CONVERSION = YES;
				GCC_WARN_ABOUT_RETURN_TYPE = YES_ERROR;
				GCC_WARN_FOUR_CHARACTER_CONSTANTS = YES;
				GCC_WARN_HIDDEN_VIRTUAL_FUNCTIONS = YES;
				GCC_WARN_NON_VIRTUAL_DESTRUCTOR = YES;
				GCC_WARN_PEDANTIC = YES;
				GCC_WARN_SHADOW = YES;
				GCC_WARN_UNDECLARED_SELECTOR = YES;
				GCC_WARN_UNINITIALIZED_AUTOS = YES_AGGRESSIVE;
				GCC_WARN_UNUSED_FUNCTION = YES;
				GCC_WARN_UNUSED_LABEL = YES;
				GCC_WARN_UNUSED_PARAMETER = NO;
				GCC_WARN_UNUSED_VARIABLE = YES;
				LIBRARY_SEARCH_PATHS = (
					"$(inherited)",
					"$(PROJECT_DIR)/../sdk/darwin_x86_64",
				);
				MACOSX_DEPLOYMENT_TARGET = 10.10;
				MTL_ENABLE_DEBUG_INFO = YES;
				ONLY_ACTIVE_ARCH = YES;
				OTHER_CFLAGS = (
					"-fsanitize=signed-integer-overflow,null,alignment",
					"-fno-sanitize-recover=null",
					"-fsanitize-undefined-trap-on-error",
				);
				SDKROOT = macosx;
				USER_HEADER_SEARCH_PATHS = "\"${SRCROOT}/..\" \"${SRCROOT}/../sdk/include\"";
			};
			name = Debug;
		};
		D5FD451F1A8559460048F678 /* Release */ = {
			isa = XCBuildConfiguration;
			buildSettings = {
				ALWAYS_SEARCH_USER_PATHS = YES;
				CLANG_ANALYZER_SECURITY_FLOATLOOPCOUNTER = YES;
				CLANG_CXX_LANGUAGE_STANDARD = "c++0x";
				CLANG_CXX_LIBRARY = "libc++";
				CLANG_ENABLE_MODULES = YES;
				CLANG_ENABLE_OBJC_ARC = YES;
				CLANG_WARN_BOOL_CONVERSION = YES;
				CLANG_WARN_CONSTANT_CONVERSION = YES;
				CLANG_WARN_CXX0X_EXTENSIONS = YES;
				CLANG_WARN_DIRECT_OBJC_ISA_USAGE = YES_ERROR;
				CLANG_WARN_EMPTY_BODY = YES;
				CLANG_WARN_ENUM_CONVERSION = YES;
				CLANG_WARN_INT_CONVERSION = YES;
				CLANG_WARN_OBJC_ROOT_CLASS = YES_ERROR;
				CLANG_WARN_UNREACHABLE_CODE = YES;
				CLANG_WARN__DUPLICATE_METHOD_MATCH = YES;
				CLANG_WARN__EXIT_TIME_DESTRUCTORS = YES;
				COPY_PHASE_STRIP = YES;
				DEBUG_INFORMATION_FORMAT = "dwarf-with-dsym";
				DYLIB_COMPATIBILITY_VERSION = 1;
				DYLIB_CURRENT_VERSION = 1.0;
				ENABLE_NS_ASSERTIONS = NO;
				ENABLE_STRICT_OBJC_MSGSEND = YES;
				GCC_C_LANGUAGE_STANDARD = c11;
				GCC_INLINES_ARE_PRIVATE_EXTERN = YES;
				GCC_PREPROCESSOR_DEFINITIONS = "";
				GCC_SYMBOLS_PRIVATE_EXTERN = YES;
				GCC_WARN_64_TO_32_BIT_CONVERSION = YES;
				GCC_WARN_ABOUT_RETURN_TYPE = YES_ERROR;
				GCC_WARN_FOUR_CHARACTER_CONSTANTS = YES;
				GCC_WARN_HIDDEN_VIRTUAL_FUNCTIONS = YES;
				GCC_WARN_NON_VIRTUAL_DESTRUCTOR = YES;
				GCC_WARN_PEDANTIC = YES;
				GCC_WARN_SHADOW = YES;
				GCC_WARN_UNDECLARED_SELECTOR = YES;
				GCC_WARN_UNINITIALIZED_AUTOS = YES_AGGRESSIVE;
				GCC_WARN_UNUSED_FUNCTION = YES;
				GCC_WARN_UNUSED_LABEL = YES;
				GCC_WARN_UNUSED_PARAMETER = NO;
				GCC_WARN_UNUSED_VARIABLE = YES;
				LIBRARY_SEARCH_PATHS = (
					"$(inherited)",
					"$(PROJECT_DIR)/../sdk/darwin_x86_64",
				);
				MACOSX_DEPLOYMENT_TARGET = 10.10;
				MTL_ENABLE_DEBUG_INFO = NO;
				OTHER_CFLAGS = (
					"-fsanitize=signed-integer-overflow,null,alignment",
					"-fno-sanitize-recover=null",
					"-fsanitize-undefined-trap-on-error",
				);
				SDKROOT = macosx;
				USER_HEADER_SEARCH_PATHS = "\"${SRCROOT}/..\" \"${SRCROOT}/../sdk/include\"";
			};
			name = Release;
		};
		D5FD45211A8559460048F678 /* Debug */ = {
			isa = XCBuildConfiguration;
			buildSettings = {
				COMBINE_HIDPI_IMAGES = YES;
				EXECUTABLE_EXTENSION = dylib;
				EXECUTABLE_PREFIX = lib;
				MACH_O_TYPE = mh_dylib;
				OTHER_LDFLAGS = "";
				PRODUCT_NAME = "$(TARGET_NAME)-$(DYLIB_CURRENT_VERSION).$(DYLIB_COMPATIBILITY_VERSION)";
				SCAN_ALL_SOURCE_FILES_FOR_INCLUDES = YES;
			};
			name = Debug;
		};
		D5FD45221A8559460048F678 /* Release */ = {
			isa = XCBuildConfiguration;
			buildSettings = {
				COMBINE_HIDPI_IMAGES = YES;
				EXECUTABLE_EXTENSION = dylib;
				EXECUTABLE_PREFIX = lib;
				MACH_O_TYPE = mh_dylib;
				OTHER_LDFLAGS = "";
				PRODUCT_NAME = "$(TARGET_NAME)-$(DYLIB_CURRENT_VERSION).$(DYLIB_COMPATIBILITY_VERSION)";
				SCAN_ALL_SOURCE_FILES_FOR_INCLUDES = YES;
			};
			name = Release;
		};
/* End XCBuildConfiguration section */

/* Begin XCConfigurationList section */
		D52B86C91A8ECA200086CB97 /* Build configuration list for PBXNativeTarget "runtime_static" */ = {
			isa = XCConfigurationList;
			buildConfigurations = (
				D52B86CA1A8ECA200086CB97 /* Debug */,
				D52B86CB1A8ECA200086CB97 /* Release */,
			);
			defaultConfigurationIsVisible = 0;
			defaultConfigurationName = Release;
		};
		D56A57211BC4BC520056B40C /* Build configuration list for PBXNativeTarget "foundation_dylib" */ = {
			isa = XCConfigurationList;
			buildConfigurations = (
				D56A57221BC4BC520056B40C /* Debug */,
				D56A57231BC4BC520056B40C /* Release */,
			);
			defaultConfigurationIsVisible = 0;
			defaultConfigurationName = Release;
		};
		D56A57A81BC4BC630056B40C /* Build configuration list for PBXNativeTarget "foundation_static" */ = {
			isa = XCConfigurationList;
			buildConfigurations = (
				D56A57A91BC4BC630056B40C /* Debug */,
				D56A57AA1BC4BC630056B40C /* Release */,
			);
			defaultConfigurationIsVisible = 0;
			defaultConfigurationName = Release;
		};
		D5DDFC431BC4A11700E5328A /* Build configuration list for PBXNativeTarget "coconut_test" */ = {
			isa = XCConfigurationList;
			buildConfigurations = (
				D5DDFC441BC4A11700E5328A /* Debug */,
				D5DDFC451BC4A11700E5328A /* Release */,
			);
			defaultConfigurationIsVisible = 0;
			defaultConfigurationName = Release;
		};
		D5FD45101A8559450048F678 /* Build configuration list for PBXProject "coconut" */ = {
			isa = XCConfigurationList;
			buildConfigurations = (
				D5FD451E1A8559460048F678 /* Debug */,
				D5FD451F1A8559460048F678 /* Release */,
			);
			defaultConfigurationIsVisible = 0;
			defaultConfigurationName = Release;
		};
		D5FD45201A8559460048F678 /* Build configuration list for PBXNativeTarget "runtime_dylib" */ = {
			isa = XCConfigurationList;
			buildConfigurations = (
				D5FD45211A8559460048F678 /* Debug */,
				D5FD45221A8559460048F678 /* Release */,
			);
			defaultConfigurationIsVisible = 0;
			defaultConfigurationName = Release;
		};
/* End XCConfigurationList section */
	};
	rootObject = D5FD450D1A8559450048F678 /* Project object */;
}
